// !$*UTF8*$!
{
	archiveVersion = 1;
	classes = {
	};
	objectVersion = 46;
	objects = {

/* Begin PBXAggregateTarget section */
		E953F06B15E34F480042C6C8 /* MakeFramework */ = {
			isa = PBXAggregateTarget;
			buildConfigurationList = E953F06E15E34F480042C6C8 /* Build configuration list for PBXAggregateTarget "MakeFramework" */;
			buildPhases = (
				E953F07215E34F660042C6C8 /* Make Framework */,
			);
			dependencies = (
				E953F07415E350390042C6C8 /* PBXTargetDependency */,
				E953F07115E34F510042C6C8 /* PBXTargetDependency */,
			);
			name = MakeFramework;
			productName = MakeFramework;
		};
/* End PBXAggregateTarget section */

/* Begin PBXBuildFile section */
		E904A8F415AD8047004505A1 /* UIDevice+Additions.h in Headers */ = {isa = PBXBuildFile; fileRef = E904A8F215AD8047004505A1 /* UIDevice+Additions.h */; settings = {ATTRIBUTES = (Public, ); }; };
		E904A8F515AD8047004505A1 /* UIDevice+Additions.m in Sources */ = {isa = PBXBuildFile; fileRef = E904A8F315AD8047004505A1 /* UIDevice+Additions.m */; };
		E908AC4915B95865003B0CE5 /* NSBundle+TJFoundation.h in Headers */ = {isa = PBXBuildFile; fileRef = E908AC4715B95865003B0CE5 /* NSBundle+TJFoundation.h */; settings = {ATTRIBUTES = (Public, ); }; };
		E908AC4A15B95865003B0CE5 /* NSBundle+TJFoundation.m in Sources */ = {isa = PBXBuildFile; fileRef = E908AC4815B95865003B0CE5 /* NSBundle+TJFoundation.m */; };
		E908AC4E15B95943003B0CE5 /* UIImage+Bundle.h in Headers */ = {isa = PBXBuildFile; fileRef = E908AC4C15B95943003B0CE5 /* UIImage+Bundle.h */; settings = {ATTRIBUTES = (Public, ); }; };
		E908AC4F15B95943003B0CE5 /* UIImage+Bundle.m in Sources */ = {isa = PBXBuildFile; fileRef = E908AC4D15B95943003B0CE5 /* UIImage+Bundle.m */; };
		E911279E167ED62B001023AB /* NSArray+TJFoundation.h in Headers */ = {isa = PBXBuildFile; fileRef = E911279C167ED62B001023AB /* NSArray+TJFoundation.h */; settings = {ATTRIBUTES = (Public, ); }; };
		E911279F167ED62B001023AB /* NSArray+TJFoundation.m in Sources */ = {isa = PBXBuildFile; fileRef = E911279D167ED62B001023AB /* NSArray+TJFoundation.m */; };
		E91127AA167EDA58001023AB /* NSNumber+TJFoundation.h in Headers */ = {isa = PBXBuildFile; fileRef = E91127A8167EDA58001023AB /* NSNumber+TJFoundation.h */; settings = {ATTRIBUTES = (Public, ); }; };
		E91127AB167EDA58001023AB /* NSNumber+TJFoundation.m in Sources */ = {isa = PBXBuildFile; fileRef = E91127A9167EDA58001023AB /* NSNumber+TJFoundation.m */; };
		E91127AF167EDAE6001023AB /* UIView+Screenshot.h in Headers */ = {isa = PBXBuildFile; fileRef = E91127AD167EDAE6001023AB /* UIView+Screenshot.h */; settings = {ATTRIBUTES = (Public, ); }; };
		E91127B0167EDAE6001023AB /* UIView+Screenshot.m in Sources */ = {isa = PBXBuildFile; fileRef = E91127AE167EDAE6001023AB /* UIView+Screenshot.m */; };
		E91127BA167EDB95001023AB /* UIImageView+TJFoundation.h in Headers */ = {isa = PBXBuildFile; fileRef = E91127B8167EDB95001023AB /* UIImageView+TJFoundation.h */; settings = {ATTRIBUTES = (Public, ); }; };
		E91127BB167EDB95001023AB /* UIImageView+TJFoundation.m in Sources */ = {isa = PBXBuildFile; fileRef = E91127B9167EDB95001023AB /* UIImageView+TJFoundation.m */; };
		E943349D160AAD7400ABEFC2 /* MKMapView+ZoomLevel.h in Headers */ = {isa = PBXBuildFile; fileRef = E943349B160AAD7400ABEFC2 /* MKMapView+ZoomLevel.h */; settings = {ATTRIBUTES = (Public, ); }; };
		E943349E160AAD7400ABEFC2 /* MKMapView+ZoomLevel.m in Sources */ = {isa = PBXBuildFile; fileRef = E943349C160AAD7400ABEFC2 /* MKMapView+ZoomLevel.m */; };
		E9433507160AB9CA00ABEFC2 /* SenTestingKit.framework in Frameworks */ = {isa = PBXBuildFile; fileRef = E9FC365715A0E1B700F40D63 /* SenTestingKit.framework */; };
		E9452F5A15B80642006655B1 /* UIView+Frame.h in Headers */ = {isa = PBXBuildFile; fileRef = E9452F5815B80642006655B1 /* UIView+Frame.h */; settings = {ATTRIBUTES = (Public, ); }; };
		E9452F5B15B80642006655B1 /* UIView+Frame.m in Sources */ = {isa = PBXBuildFile; fileRef = E9452F5915B80642006655B1 /* UIView+Frame.m */; };
		E945FFF515AC7EEF00A6E015 /* NSObject+Additions.h in Headers */ = {isa = PBXBuildFile; fileRef = E945FFF315AC7EEF00A6E015 /* NSObject+Additions.h */; settings = {ATTRIBUTES = (Public, ); }; };
		E945FFF615AC7EEF00A6E015 /* NSObject+Additions.m in Sources */ = {isa = PBXBuildFile; fileRef = E945FFF415AC7EEF00A6E015 /* NSObject+Additions.m */; };
		E96AB822160AC4DB0007B565 /* libTJFoundation.a in Frameworks */ = {isa = PBXBuildFile; fileRef = E9FC364615A0E1B700F40D63 /* libTJFoundation.a */; };
		E96AB824160AC4E20007B565 /* SenTestingKit.framework in Frameworks */ = {isa = PBXBuildFile; fileRef = E9FC365715A0E1B700F40D63 /* SenTestingKit.framework */; };
		E96AB825160AC4E80007B565 /* UIKit.framework in Frameworks */ = {isa = PBXBuildFile; fileRef = E9E7B7C415A0FD110043A242 /* UIKit.framework */; };
		E96AB826160AC4EB0007B565 /* MapKit.framework in Frameworks */ = {isa = PBXBuildFile; fileRef = E9E7B7C215A0FCFD0043A242 /* MapKit.framework */; };
		E987A64515BD9C3600985E83 /* NSString+PropertyKVC.h in Headers */ = {isa = PBXBuildFile; fileRef = E987A63815BD9C3600985E83 /* NSString+PropertyKVC.h */; settings = {ATTRIBUTES = (Public, ); }; };
		E987A64815BD9C3600985E83 /* UIAlertView+Additions.m in Sources */ = {isa = PBXBuildFile; fileRef = E987A63B15BD9C3600985E83 /* UIAlertView+Additions.m */; };
		E987A64915BD9C3600985E83 /* UIAlertView+Additions.h in Headers */ = {isa = PBXBuildFile; fileRef = E987A63C15BD9C3600985E83 /* UIAlertView+Additions.h */; settings = {ATTRIBUTES = (Public, ); }; };
		E9B7E2D0160AF2A00053E55C /* MKMapView+Regions.h in Headers */ = {isa = PBXBuildFile; fileRef = E9B7E2CE160AF29F0053E55C /* MKMapView+Regions.h */; settings = {ATTRIBUTES = (Public, ); }; };
		E9B7E2D1160AF2A00053E55C /* MKMapView+Regions.m in Sources */ = {isa = PBXBuildFile; fileRef = E9B7E2CF160AF29F0053E55C /* MKMapView+Regions.m */; };
		E9D0D54415A19D06007F9309 /* ArrayTests.m in Sources */ = {isa = PBXBuildFile; fileRef = E9D0D54315A19D06007F9309 /* ArrayTests.m */; };
		E9E66EB915B953F7002D8B50 /* CoreFoundation.framework in Frameworks */ = {isa = PBXBuildFile; fileRef = E9E66EB815B953F7002D8B50 /* CoreFoundation.framework */; };
		E9E7B6F515A0E9100043A242 /* StringTests.m in Sources */ = {isa = PBXBuildFile; fileRef = E9E7B6F115A0E9030043A242 /* StringTests.m */; };
		E9E7B6FE15A0EAD80043A242 /* NSString+Manipulating.h in Headers */ = {isa = PBXBuildFile; fileRef = E9E7B6FC15A0EAD80043A242 /* NSString+Manipulating.h */; settings = {ATTRIBUTES = (Public, ); }; };
		E9E7B6FF15A0EAD80043A242 /* NSString+Manipulating.m in Sources */ = {isa = PBXBuildFile; fileRef = E9E7B6FD15A0EAD80043A242 /* NSString+Manipulating.m */; };
		E9E7B70215A0EC290043A242 /* NSString+Substring.h in Headers */ = {isa = PBXBuildFile; fileRef = E9E7B70015A0EC290043A242 /* NSString+Substring.h */; settings = {ATTRIBUTES = (Public, ); }; };
		E9E7B70315A0EC290043A242 /* NSString+Substring.m in Sources */ = {isa = PBXBuildFile; fileRef = E9E7B70115A0EC290043A242 /* NSString+Substring.m */; };
		E9E7B70615A0EC620043A242 /* NSString+Identifying.h in Headers */ = {isa = PBXBuildFile; fileRef = E9E7B70415A0EC620043A242 /* NSString+Identifying.h */; settings = {ATTRIBUTES = (Public, ); }; };
		E9E7B70715A0EC620043A242 /* NSString+Identifying.m in Sources */ = {isa = PBXBuildFile; fileRef = E9E7B70515A0EC620043A242 /* NSString+Identifying.m */; };
		E9E7B70A15A0ED150043A242 /* NSString+Converting.h in Headers */ = {isa = PBXBuildFile; fileRef = E9E7B70815A0ED150043A242 /* NSString+Converting.h */; settings = {ATTRIBUTES = (Public, ); }; };
		E9E7B70B15A0ED150043A242 /* NSString+Converting.m in Sources */ = {isa = PBXBuildFile; fileRef = E9E7B70915A0ED150043A242 /* NSString+Converting.m */; };
		E9E7B70F15A0F4FF0043A242 /* NSData+Converting.h in Headers */ = {isa = PBXBuildFile; fileRef = E9E7B70D15A0F4FF0043A242 /* NSData+Converting.h */; settings = {ATTRIBUTES = (Public, ); }; };
		E9E7B71015A0F4FF0043A242 /* NSData+Converting.m in Sources */ = {isa = PBXBuildFile; fileRef = E9E7B70E15A0F4FF0043A242 /* NSData+Converting.m */; };
		E9E7B71315A0F5510043A242 /* DataTests.m in Sources */ = {isa = PBXBuildFile; fileRef = E9E7B71215A0F5510043A242 /* DataTests.m */; };
		E9E7B73715A0F68E0043A242 /* UIColor+Additions.h in Headers */ = {isa = PBXBuildFile; fileRef = E9E7B73115A0F68E0043A242 /* UIColor+Additions.h */; settings = {ATTRIBUTES = (Public, ); }; };
		E9E7B73B15A0F6BE0043A242 /* UIColor+Additions.m in Sources */ = {isa = PBXBuildFile; fileRef = E9E7B73A15A0F6BE0043A242 /* UIColor+Additions.m */; };
		E9E7B78115A0F9FF0043A242 /* UIColor+ATColorExtension.m in Sources */ = {isa = PBXBuildFile; fileRef = E9E7B77715A0F9FF0043A242 /* UIColor+ATColorExtension.m */; };
		E9E7B78215A0F9FF0043A242 /* UIColor+ATColorExtension.h in Headers */ = {isa = PBXBuildFile; fileRef = E9E7B77815A0F9FF0043A242 /* UIColor+ATColorExtension.h */; settings = {ATTRIBUTES = (Public, ); }; };
		E9E7B78515A0F9FF0043A242 /* NSDictionary+Additions.m in Sources */ = {isa = PBXBuildFile; fileRef = E9E7B77B15A0F9FF0043A242 /* NSDictionary+Additions.m */; };
		E9E7B78615A0F9FF0043A242 /* NSDictionary+Additions.h in Headers */ = {isa = PBXBuildFile; fileRef = E9E7B77C15A0F9FF0043A242 /* NSDictionary+Additions.h */; settings = {ATTRIBUTES = (Public, ); }; };
		E9E7B78715A0F9FF0043A242 /* NSArray+Underscore.m in Sources */ = {isa = PBXBuildFile; fileRef = E9E7B77D15A0F9FF0043A242 /* NSArray+Underscore.m */; };
		E9E7B78815A0F9FF0043A242 /* NSArray+Underscore.h in Headers */ = {isa = PBXBuildFile; fileRef = E9E7B77E15A0F9FF0043A242 /* NSArray+Underscore.h */; settings = {ATTRIBUTES = (Public, ); }; };
		E9FA2A9A15AF4FAF00ABE286 /* NSObject+Subscripting.h in Headers */ = {isa = PBXBuildFile; fileRef = E9FA2A9915AF4FAF00ABE286 /* NSObject+Subscripting.h */; settings = {ATTRIBUTES = (Public, ); }; };
		E9FC364A15A0E1B700F40D63 /* Foundation.framework in Frameworks */ = {isa = PBXBuildFile; fileRef = E9FC364915A0E1B700F40D63 /* Foundation.framework */; };
		E9FC366415A0E1B700F40D63 /* InfoPlist.strings in Resources */ = {isa = PBXBuildFile; fileRef = E9FC366215A0E1B700F40D63 /* InfoPlist.strings */; };
		E9FC366715A0E1B700F40D63 /* TJFoundationTests.m in Sources */ = {isa = PBXBuildFile; fileRef = E9FC366615A0E1B700F40D63 /* TJFoundationTests.m */; };
		E9FC367715A0E34900F40D63 /* TJFoundation.h in Headers */ = {isa = PBXBuildFile; fileRef = E9FC364E15A0E1B700F40D63 /* TJFoundation.h */; settings = {ATTRIBUTES = (Public, ); }; };
/* End PBXBuildFile section */

/* Begin PBXContainerItemProxy section */
		E953F07015E34F510042C6C8 /* PBXContainerItemProxy */ = {
			isa = PBXContainerItemProxy;
			containerPortal = E9FC363D15A0E1B700F40D63 /* Project object */;
			proxyType = 1;
			remoteGlobalIDString = E9FC364515A0E1B700F40D63;
			remoteInfo = TJFoundation;
		};
		E953F07315E350390042C6C8 /* PBXContainerItemProxy */ = {
			isa = PBXContainerItemProxy;
			containerPortal = E9FC363D15A0E1B700F40D63 /* Project object */;
			proxyType = 1;
			remoteGlobalIDString = E9E66EB615B953F7002D8B50;
			remoteInfo = TJFoundationResources;
		};
		E9FC365C15A0E1B700F40D63 /* PBXContainerItemProxy */ = {
			isa = PBXContainerItemProxy;
			containerPortal = E9FC363D15A0E1B700F40D63 /* Project object */;
			proxyType = 1;
			remoteGlobalIDString = E9FC364515A0E1B700F40D63;
			remoteInfo = TJFoundation;
		};
/* End PBXContainerItemProxy section */

/* Begin PBXFileReference section */
		E904A8F215AD8047004505A1 /* UIDevice+Additions.h */ = {isa = PBXFileReference; fileEncoding = 4; lastKnownFileType = sourcecode.c.h; path = "UIDevice+Additions.h"; sourceTree = "<group>"; };
		E904A8F315AD8047004505A1 /* UIDevice+Additions.m */ = {isa = PBXFileReference; fileEncoding = 4; lastKnownFileType = sourcecode.c.objc; path = "UIDevice+Additions.m"; sourceTree = "<group>"; };
		E908AC4715B95865003B0CE5 /* NSBundle+TJFoundation.h */ = {isa = PBXFileReference; fileEncoding = 4; lastKnownFileType = sourcecode.c.h; path = "NSBundle+TJFoundation.h"; sourceTree = "<group>"; };
		E908AC4815B95865003B0CE5 /* NSBundle+TJFoundation.m */ = {isa = PBXFileReference; fileEncoding = 4; lastKnownFileType = sourcecode.c.objc; path = "NSBundle+TJFoundation.m"; sourceTree = "<group>"; };
		E908AC4C15B95943003B0CE5 /* UIImage+Bundle.h */ = {isa = PBXFileReference; fileEncoding = 4; lastKnownFileType = sourcecode.c.h; path = "UIImage+Bundle.h"; sourceTree = "<group>"; };
		E908AC4D15B95943003B0CE5 /* UIImage+Bundle.m */ = {isa = PBXFileReference; fileEncoding = 4; lastKnownFileType = sourcecode.c.objc; path = "UIImage+Bundle.m"; sourceTree = "<group>"; };
		E911279C167ED62B001023AB /* NSArray+TJFoundation.h */ = {isa = PBXFileReference; fileEncoding = 4; lastKnownFileType = sourcecode.c.h; path = "NSArray+TJFoundation.h"; sourceTree = "<group>"; };
		E911279D167ED62B001023AB /* NSArray+TJFoundation.m */ = {isa = PBXFileReference; fileEncoding = 4; lastKnownFileType = sourcecode.c.objc; path = "NSArray+TJFoundation.m"; sourceTree = "<group>"; };
		E91127A8167EDA58001023AB /* NSNumber+TJFoundation.h */ = {isa = PBXFileReference; fileEncoding = 4; lastKnownFileType = sourcecode.c.h; path = "NSNumber+TJFoundation.h"; sourceTree = "<group>"; };
		E91127A9167EDA58001023AB /* NSNumber+TJFoundation.m */ = {isa = PBXFileReference; fileEncoding = 4; lastKnownFileType = sourcecode.c.objc; path = "NSNumber+TJFoundation.m"; sourceTree = "<group>"; };
		E91127AD167EDAE6001023AB /* UIView+Screenshot.h */ = {isa = PBXFileReference; fileEncoding = 4; lastKnownFileType = sourcecode.c.h; path = "UIView+Screenshot.h"; sourceTree = "<group>"; };
		E91127AE167EDAE6001023AB /* UIView+Screenshot.m */ = {isa = PBXFileReference; fileEncoding = 4; lastKnownFileType = sourcecode.c.objc; path = "UIView+Screenshot.m"; sourceTree = "<group>"; };
		E91127B8167EDB95001023AB /* UIImageView+TJFoundation.h */ = {isa = PBXFileReference; fileEncoding = 4; lastKnownFileType = sourcecode.c.h; path = "UIImageView+TJFoundation.h"; sourceTree = "<group>"; };
		E91127B9167EDB95001023AB /* UIImageView+TJFoundation.m */ = {isa = PBXFileReference; fileEncoding = 4; lastKnownFileType = sourcecode.c.objc; path = "UIImageView+TJFoundation.m"; sourceTree = "<group>"; };
		E943349B160AAD7400ABEFC2 /* MKMapView+ZoomLevel.h */ = {isa = PBXFileReference; fileEncoding = 4; lastKnownFileType = sourcecode.c.h; path = "MKMapView+ZoomLevel.h"; sourceTree = "<group>"; };
		E943349C160AAD7400ABEFC2 /* MKMapView+ZoomLevel.m */ = {isa = PBXFileReference; fileEncoding = 4; lastKnownFileType = sourcecode.c.objc; path = "MKMapView+ZoomLevel.m"; sourceTree = "<group>"; };
		E9452F5815B80642006655B1 /* UIView+Frame.h */ = {isa = PBXFileReference; fileEncoding = 4; lastKnownFileType = sourcecode.c.h; path = "UIView+Frame.h"; sourceTree = "<group>"; };
		E9452F5915B80642006655B1 /* UIView+Frame.m */ = {isa = PBXFileReference; fileEncoding = 4; lastKnownFileType = sourcecode.c.objc; path = "UIView+Frame.m"; sourceTree = "<group>"; };
		E945FFF315AC7EEF00A6E015 /* NSObject+Additions.h */ = {isa = PBXFileReference; fileEncoding = 4; lastKnownFileType = sourcecode.c.h; path = "NSObject+Additions.h"; sourceTree = "<group>"; };
		E945FFF415AC7EEF00A6E015 /* NSObject+Additions.m */ = {isa = PBXFileReference; fileEncoding = 4; lastKnownFileType = sourcecode.c.objc; path = "NSObject+Additions.m"; sourceTree = "<group>"; };
		E987A63815BD9C3600985E83 /* NSString+PropertyKVC.h */ = {isa = PBXFileReference; fileEncoding = 4; lastKnownFileType = sourcecode.c.h; path = "NSString+PropertyKVC.h"; sourceTree = "<group>"; };
		E987A63915BD9C3600985E83 /* NSString+PropertyKVC.m */ = {isa = PBXFileReference; fileEncoding = 4; lastKnownFileType = sourcecode.c.objc; path = "NSString+PropertyKVC.m"; sourceTree = "<group>"; };
		E987A63B15BD9C3600985E83 /* UIAlertView+Additions.m */ = {isa = PBXFileReference; fileEncoding = 4; lastKnownFileType = sourcecode.c.objc; path = "UIAlertView+Additions.m"; sourceTree = "<group>"; };
		E987A63C15BD9C3600985E83 /* UIAlertView+Additions.h */ = {isa = PBXFileReference; fileEncoding = 4; lastKnownFileType = sourcecode.c.h; path = "UIAlertView+Additions.h"; sourceTree = "<group>"; };
		E9B7E2CE160AF29F0053E55C /* MKMapView+Regions.h */ = {isa = PBXFileReference; fileEncoding = 4; lastKnownFileType = sourcecode.c.h; path = "MKMapView+Regions.h"; sourceTree = "<group>"; };
		E9B7E2CF160AF29F0053E55C /* MKMapView+Regions.m */ = {isa = PBXFileReference; fileEncoding = 4; lastKnownFileType = sourcecode.c.objc; path = "MKMapView+Regions.m"; sourceTree = "<group>"; };
		E9D0D54215A19D06007F9309 /* ArrayTests.h */ = {isa = PBXFileReference; fileEncoding = 4; lastKnownFileType = sourcecode.c.h; path = ArrayTests.h; sourceTree = "<group>"; };
		E9D0D54315A19D06007F9309 /* ArrayTests.m */ = {isa = PBXFileReference; fileEncoding = 4; lastKnownFileType = sourcecode.c.objc; path = ArrayTests.m; sourceTree = "<group>"; };
		E9E66EB715B953F7002D8B50 /* TJFoundationResources.bundle */ = {isa = PBXFileReference; explicitFileType = wrapper.cfbundle; includeInIndex = 0; path = TJFoundationResources.bundle; sourceTree = BUILT_PRODUCTS_DIR; };
		E9E66EB815B953F7002D8B50 /* CoreFoundation.framework */ = {isa = PBXFileReference; lastKnownFileType = wrapper.framework; name = CoreFoundation.framework; path = System/Library/Frameworks/CoreFoundation.framework; sourceTree = SDKROOT; };
		E9E7B6F015A0E9030043A242 /* StringTests.h */ = {isa = PBXFileReference; fileEncoding = 4; lastKnownFileType = sourcecode.c.h; path = StringTests.h; sourceTree = "<group>"; };
		E9E7B6F115A0E9030043A242 /* StringTests.m */ = {isa = PBXFileReference; fileEncoding = 4; lastKnownFileType = sourcecode.c.objc; path = StringTests.m; sourceTree = "<group>"; };
		E9E7B6FC15A0EAD80043A242 /* NSString+Manipulating.h */ = {isa = PBXFileReference; fileEncoding = 4; lastKnownFileType = sourcecode.c.h; path = "NSString+Manipulating.h"; sourceTree = "<group>"; };
		E9E7B6FD15A0EAD80043A242 /* NSString+Manipulating.m */ = {isa = PBXFileReference; fileEncoding = 4; lastKnownFileType = sourcecode.c.objc; path = "NSString+Manipulating.m"; sourceTree = "<group>"; };
		E9E7B70015A0EC290043A242 /* NSString+Substring.h */ = {isa = PBXFileReference; fileEncoding = 4; lastKnownFileType = sourcecode.c.h; path = "NSString+Substring.h"; sourceTree = "<group>"; };
		E9E7B70115A0EC290043A242 /* NSString+Substring.m */ = {isa = PBXFileReference; fileEncoding = 4; lastKnownFileType = sourcecode.c.objc; path = "NSString+Substring.m"; sourceTree = "<group>"; };
		E9E7B70415A0EC620043A242 /* NSString+Identifying.h */ = {isa = PBXFileReference; fileEncoding = 4; lastKnownFileType = sourcecode.c.h; path = "NSString+Identifying.h"; sourceTree = "<group>"; };
		E9E7B70515A0EC620043A242 /* NSString+Identifying.m */ = {isa = PBXFileReference; fileEncoding = 4; lastKnownFileType = sourcecode.c.objc; path = "NSString+Identifying.m"; sourceTree = "<group>"; };
		E9E7B70815A0ED150043A242 /* NSString+Converting.h */ = {isa = PBXFileReference; fileEncoding = 4; lastKnownFileType = sourcecode.c.h; path = "NSString+Converting.h"; sourceTree = "<group>"; };
		E9E7B70915A0ED150043A242 /* NSString+Converting.m */ = {isa = PBXFileReference; fileEncoding = 4; lastKnownFileType = sourcecode.c.objc; path = "NSString+Converting.m"; sourceTree = "<group>"; };
		E9E7B70D15A0F4FF0043A242 /* NSData+Converting.h */ = {isa = PBXFileReference; fileEncoding = 4; lastKnownFileType = sourcecode.c.h; path = "NSData+Converting.h"; sourceTree = "<group>"; };
		E9E7B70E15A0F4FF0043A242 /* NSData+Converting.m */ = {isa = PBXFileReference; fileEncoding = 4; lastKnownFileType = sourcecode.c.objc; path = "NSData+Converting.m"; sourceTree = "<group>"; };
		E9E7B71115A0F5510043A242 /* DataTests.h */ = {isa = PBXFileReference; fileEncoding = 4; lastKnownFileType = sourcecode.c.h; path = DataTests.h; sourceTree = "<group>"; };
		E9E7B71215A0F5510043A242 /* DataTests.m */ = {isa = PBXFileReference; fileEncoding = 4; lastKnownFileType = sourcecode.c.objc; path = DataTests.m; sourceTree = "<group>"; };
		E9E7B73115A0F68E0043A242 /* UIColor+Additions.h */ = {isa = PBXFileReference; fileEncoding = 4; lastKnownFileType = sourcecode.c.h; path = "UIColor+Additions.h"; sourceTree = "<group>"; };
		E9E7B73A15A0F6BE0043A242 /* UIColor+Additions.m */ = {isa = PBXFileReference; fileEncoding = 4; lastKnownFileType = sourcecode.c.objc; path = "UIColor+Additions.m"; sourceTree = "<group>"; };
		E9E7B77715A0F9FF0043A242 /* UIColor+ATColorExtension.m */ = {isa = PBXFileReference; fileEncoding = 4; lastKnownFileType = sourcecode.c.objc; path = "UIColor+ATColorExtension.m"; sourceTree = "<group>"; };
		E9E7B77815A0F9FF0043A242 /* UIColor+ATColorExtension.h */ = {isa = PBXFileReference; fileEncoding = 4; lastKnownFileType = sourcecode.c.h; path = "UIColor+ATColorExtension.h"; sourceTree = "<group>"; };
		E9E7B77B15A0F9FF0043A242 /* NSDictionary+Additions.m */ = {isa = PBXFileReference; fileEncoding = 4; lastKnownFileType = sourcecode.c.objc; path = "NSDictionary+Additions.m"; sourceTree = "<group>"; };
		E9E7B77C15A0F9FF0043A242 /* NSDictionary+Additions.h */ = {isa = PBXFileReference; fileEncoding = 4; lastKnownFileType = sourcecode.c.h; path = "NSDictionary+Additions.h"; sourceTree = "<group>"; };
		E9E7B77D15A0F9FF0043A242 /* NSArray+Underscore.m */ = {isa = PBXFileReference; fileEncoding = 4; lastKnownFileType = sourcecode.c.objc; path = "NSArray+Underscore.m"; sourceTree = "<group>"; };
		E9E7B77E15A0F9FF0043A242 /* NSArray+Underscore.h */ = {isa = PBXFileReference; fileEncoding = 4; lastKnownFileType = sourcecode.c.h; path = "NSArray+Underscore.h"; sourceTree = "<group>"; };
		E9E7B78C15A0FA4C0043A242 /* TODO */ = {isa = PBXFileReference; fileEncoding = 4; lastKnownFileType = text; path = TODO; sourceTree = "<group>"; };
		E9E7B7C215A0FCFD0043A242 /* MapKit.framework */ = {isa = PBXFileReference; lastKnownFileType = wrapper.framework; name = MapKit.framework; path = System/Library/Frameworks/MapKit.framework; sourceTree = SDKROOT; };
		E9E7B7C415A0FD110043A242 /* UIKit.framework */ = {isa = PBXFileReference; lastKnownFileType = wrapper.framework; name = UIKit.framework; path = System/Library/Frameworks/UIKit.framework; sourceTree = SDKROOT; };
		E9FA2A9915AF4FAF00ABE286 /* NSObject+Subscripting.h */ = {isa = PBXFileReference; fileEncoding = 4; lastKnownFileType = sourcecode.c.h; path = "NSObject+Subscripting.h"; sourceTree = "<group>"; };
		E9FC364615A0E1B700F40D63 /* libTJFoundation.a */ = {isa = PBXFileReference; explicitFileType = archive.ar; includeInIndex = 0; path = libTJFoundation.a; sourceTree = BUILT_PRODUCTS_DIR; };
		E9FC364915A0E1B700F40D63 /* Foundation.framework */ = {isa = PBXFileReference; lastKnownFileType = wrapper.framework; name = Foundation.framework; path = System/Library/Frameworks/Foundation.framework; sourceTree = SDKROOT; };
		E9FC364D15A0E1B700F40D63 /* TJFoundation-Prefix.pch */ = {isa = PBXFileReference; lastKnownFileType = sourcecode.c.h; path = "TJFoundation-Prefix.pch"; sourceTree = "<group>"; };
		E9FC364E15A0E1B700F40D63 /* TJFoundation.h */ = {isa = PBXFileReference; lastKnownFileType = sourcecode.c.h; path = TJFoundation.h; sourceTree = "<group>"; };
		E9FC365615A0E1B700F40D63 /* TJFoundationTests.octest */ = {isa = PBXFileReference; explicitFileType = wrapper.cfbundle; includeInIndex = 0; path = TJFoundationTests.octest; sourceTree = BUILT_PRODUCTS_DIR; };
		E9FC365715A0E1B700F40D63 /* SenTestingKit.framework */ = {isa = PBXFileReference; lastKnownFileType = wrapper.framework; name = SenTestingKit.framework; path = Library/Frameworks/SenTestingKit.framework; sourceTree = DEVELOPER_DIR; };
		E9FC366115A0E1B700F40D63 /* TJFoundationTests-Info.plist */ = {isa = PBXFileReference; lastKnownFileType = text.plist.xml; path = "TJFoundationTests-Info.plist"; sourceTree = "<group>"; };
		E9FC366315A0E1B700F40D63 /* en */ = {isa = PBXFileReference; lastKnownFileType = text.plist.strings; name = en; path = en.lproj/InfoPlist.strings; sourceTree = "<group>"; };
		E9FC366515A0E1B700F40D63 /* TJFoundationTests.h */ = {isa = PBXFileReference; lastKnownFileType = sourcecode.c.h; path = TJFoundationTests.h; sourceTree = "<group>"; };
		E9FC366615A0E1B700F40D63 /* TJFoundationTests.m */ = {isa = PBXFileReference; lastKnownFileType = sourcecode.c.objc; path = TJFoundationTests.m; sourceTree = "<group>"; };
/* End PBXFileReference section */

/* Begin PBXFrameworksBuildPhase section */
		E9E66EB415B953F7002D8B50 /* Frameworks */ = {
			isa = PBXFrameworksBuildPhase;
			buildActionMask = 2147483647;
			files = (
				E9E66EB915B953F7002D8B50 /* CoreFoundation.framework in Frameworks */,
			);
			runOnlyForDeploymentPostprocessing = 0;
		};
		E9FC364315A0E1B700F40D63 /* Frameworks */ = {
			isa = PBXFrameworksBuildPhase;
			buildActionMask = 2147483647;
			files = (
				E9433507160AB9CA00ABEFC2 /* SenTestingKit.framework in Frameworks */,
				E9FC364A15A0E1B700F40D63 /* Foundation.framework in Frameworks */,
			);
			runOnlyForDeploymentPostprocessing = 0;
		};
		E9FC365215A0E1B700F40D63 /* Frameworks */ = {
			isa = PBXFrameworksBuildPhase;
			buildActionMask = 2147483647;
			files = (
				E96AB826160AC4EB0007B565 /* MapKit.framework in Frameworks */,
				E96AB825160AC4E80007B565 /* UIKit.framework in Frameworks */,
				E96AB824160AC4E20007B565 /* SenTestingKit.framework in Frameworks */,
				E96AB822160AC4DB0007B565 /* libTJFoundation.a in Frameworks */,
			);
			runOnlyForDeploymentPostprocessing = 0;
		};
/* End PBXFrameworksBuildPhase section */

/* Begin PBXGroup section */
		E904A8F015AD802A004505A1 /* UIDevice */ = {
			isa = PBXGroup;
			children = (
				E904A8F215AD8047004505A1 /* UIDevice+Additions.h */,
				E904A8F315AD8047004505A1 /* UIDevice+Additions.m */,
			);
			name = UIDevice;
			sourceTree = "<group>";
		};
		E908AC4615B95850003B0CE5 /* NSBundle */ = {
			isa = PBXGroup;
			children = (
				E908AC4715B95865003B0CE5 /* NSBundle+TJFoundation.h */,
				E908AC4815B95865003B0CE5 /* NSBundle+TJFoundation.m */,
			);
			name = NSBundle;
			sourceTree = "<group>";
		};
		E908AC4B15B95935003B0CE5 /* UIImage */ = {
			isa = PBXGroup;
			children = (
				E908AC4C15B95943003B0CE5 /* UIImage+Bundle.h */,
				E908AC4D15B95943003B0CE5 /* UIImage+Bundle.m */,
			);
			name = UIImage;
			sourceTree = "<group>";
		};
		E91127A7167EDA2D001023AB /* NSNumber */ = {
			isa = PBXGroup;
			children = (
				E91127A8167EDA58001023AB /* NSNumber+TJFoundation.h */,
				E91127A9167EDA58001023AB /* NSNumber+TJFoundation.m */,
			);
			name = NSNumber;
			sourceTree = "<group>";
		};
		E91127B1167EDB18001023AB /* UIImageView */ = {
			isa = PBXGroup;
			children = (
				E91127B8167EDB95001023AB /* UIImageView+TJFoundation.h */,
				E91127B9167EDB95001023AB /* UIImageView+TJFoundation.m */,
			);
			name = UIImageView;
			sourceTree = "<group>";
		};
		E9452F5D15B80648006655B1 /* UIView */ = {
			isa = PBXGroup;
			children = (
				E9452F5815B80642006655B1 /* UIView+Frame.h */,
				E9452F5915B80642006655B1 /* UIView+Frame.m */,
				E91127AD167EDAE6001023AB /* UIView+Screenshot.h */,
				E91127AE167EDAE6001023AB /* UIView+Screenshot.m */,
			);
			name = UIView;
			sourceTree = "<group>";
		};
		E96B05E115BC149400F67797 /* Vendors */ = {
			isa = PBXGroup;
			children = (
			);
			name = Vendors;
			sourceTree = "<group>";
		};
		E97B402D15B9525B00ABB86A /* Resources */ = {
			isa = PBXGroup;
			children = (
			);
			name = Resources;
			sourceTree = "<group>";
		};
		E9E66EBA15B953F7002D8B50 /* TJFoundationResources */ = {
			isa = PBXGroup;
			children = (
				E9E66EC515B954A0002D8B50 /* Images */,
			);
			path = TJFoundationResources;
			sourceTree = "<group>";
		};
		E9E66EC515B954A0002D8B50 /* Images */ = {
			isa = PBXGroup;
			children = (
			);
			name = Images;
			sourceTree = "<group>";
		};
		E9E7B6FA15A0EA780043A242 /* Categories */ = {
			isa = PBXGroup;
			children = (
				E9E7B79015A0FAC30043A242 /* MKMapView */,
				E9E7B78F15A0FAB30043A242 /* NSArray */,
				E908AC4615B95850003B0CE5 /* NSBundle */,
				E9E7B70C15A0F4E80043A242 /* NSData */,
				E9E7B78E15A0FAAD0043A242 /* NSDictionary */,
				E91127A7167EDA2D001023AB /* NSNumber */,
				E9E7B78D15A0FAA40043A242 /* NSObject */,
				E9E7B6FB15A0EA800043A242 /* NSString */,
				E9E7B73E15A0F7DD0043A242 /* UIColor */,
				E904A8F015AD802A004505A1 /* UIDevice */,
				E908AC4B15B95935003B0CE5 /* UIImage */,
				E91127B1167EDB18001023AB /* UIImageView */,
				E9452F5D15B80648006655B1 /* UIView */,
			);
			name = Categories;
			sourceTree = "<group>";
		};
		E9E7B6FB15A0EA800043A242 /* NSString */ = {
			isa = PBXGroup;
			children = (
				E9E7B70815A0ED150043A242 /* NSString+Converting.h */,
				E9E7B70915A0ED150043A242 /* NSString+Converting.m */,
				E9E7B70415A0EC620043A242 /* NSString+Identifying.h */,
				E9E7B70515A0EC620043A242 /* NSString+Identifying.m */,
				E9E7B6FC15A0EAD80043A242 /* NSString+Manipulating.h */,
				E9E7B6FD15A0EAD80043A242 /* NSString+Manipulating.m */,
				E9E7B70015A0EC290043A242 /* NSString+Substring.h */,
				E9E7B70115A0EC290043A242 /* NSString+Substring.m */,
			);
			name = NSString;
			sourceTree = "<group>";
		};
		E9E7B70C15A0F4E80043A242 /* NSData */ = {
			isa = PBXGroup;
			children = (
				E9E7B70D15A0F4FF0043A242 /* NSData+Converting.h */,
				E9E7B70E15A0F4FF0043A242 /* NSData+Converting.m */,
			);
			name = NSData;
			sourceTree = "<group>";
		};
		E9E7B71415A0F5930043A242 /* Tests */ = {
			isa = PBXGroup;
			children = (
				E9D0D54215A19D06007F9309 /* ArrayTests.h */,
				E9D0D54315A19D06007F9309 /* ArrayTests.m */,
				E9E7B71115A0F5510043A242 /* DataTests.h */,
				E9E7B71215A0F5510043A242 /* DataTests.m */,
				E9E7B6F015A0E9030043A242 /* StringTests.h */,
				E9E7B6F115A0E9030043A242 /* StringTests.m */,
				E9FC366515A0E1B700F40D63 /* TJFoundationTests.h */,
				E9FC366615A0E1B700F40D63 /* TJFoundationTests.m */,
			);
			name = Tests;
			sourceTree = "<group>";
		};
		E9E7B73E15A0F7DD0043A242 /* UIColor */ = {
			isa = PBXGroup;
			children = (
				E9E7B73115A0F68E0043A242 /* UIColor+Additions.h */,
				E9E7B73A15A0F6BE0043A242 /* UIColor+Additions.m */,
				E9E7B77815A0F9FF0043A242 /* UIColor+ATColorExtension.h */,
				E9E7B77715A0F9FF0043A242 /* UIColor+ATColorExtension.m */,
			);
			name = UIColor;
			sourceTree = "<group>";
		};
		E9E7B78D15A0FAA40043A242 /* NSObject */ = {
			isa = PBXGroup;
			children = (
				E945FFF315AC7EEF00A6E015 /* NSObject+Additions.h */,
				E945FFF415AC7EEF00A6E015 /* NSObject+Additions.m */,
				E9FA2A9915AF4FAF00ABE286 /* NSObject+Subscripting.h */,
				E987A63815BD9C3600985E83 /* NSString+PropertyKVC.h */,
				E987A63915BD9C3600985E83 /* NSString+PropertyKVC.m */,
				E987A63C15BD9C3600985E83 /* UIAlertView+Additions.h */,
				E987A63B15BD9C3600985E83 /* UIAlertView+Additions.m */,
			);
			name = NSObject;
			sourceTree = "<group>";
		};
		E9E7B78E15A0FAAD0043A242 /* NSDictionary */ = {
			isa = PBXGroup;
			children = (
				E9E7B77C15A0F9FF0043A242 /* NSDictionary+Additions.h */,
				E9E7B77B15A0F9FF0043A242 /* NSDictionary+Additions.m */,
			);
			name = NSDictionary;
			sourceTree = "<group>";
		};
		E9E7B78F15A0FAB30043A242 /* NSArray */ = {
			isa = PBXGroup;
			children = (
				E9E7B77E15A0F9FF0043A242 /* NSArray+Underscore.h */,
				E9E7B77D15A0F9FF0043A242 /* NSArray+Underscore.m */,
				E911279C167ED62B001023AB /* NSArray+TJFoundation.h */,
				E911279D167ED62B001023AB /* NSArray+TJFoundation.m */,
			);
			name = NSArray;
			sourceTree = "<group>";
		};
		E9E7B79015A0FAC30043A242 /* MKMapView */ = {
			isa = PBXGroup;
			children = (
				E943349B160AAD7400ABEFC2 /* MKMapView+ZoomLevel.h */,
				E943349C160AAD7400ABEFC2 /* MKMapView+ZoomLevel.m */,
				E9B7E2CE160AF29F0053E55C /* MKMapView+Regions.h */,
				E9B7E2CF160AF29F0053E55C /* MKMapView+Regions.m */,
			);
			name = MKMapView;
			sourceTree = "<group>";
		};
		E9F6063C15A0E61500C5E9FF /* Classes */ = {
			isa = PBXGroup;
			children = (
				E9FC364E15A0E1B700F40D63 /* TJFoundation.h */,
				E9E7B6FA15A0EA780043A242 /* Categories */,
				E97B402D15B9525B00ABB86A /* Resources */,
				E9FA2A9815AF4F8B00ABE286 /* Others */,
			);
			name = Classes;
			sourceTree = "<group>";
		};
		E9FA2A9815AF4F8B00ABE286 /* Others */ = {
			isa = PBXGroup;
			children = (
			);
			name = Others;
			sourceTree = "<group>";
		};
		E9FC363B15A0E1B700F40D63 = {
			isa = PBXGroup;
			children = (
				E9FC364B15A0E1B700F40D63 /* TJFoundation */,
				E9E66EBA15B953F7002D8B50 /* TJFoundationResources */,
				E9FC365F15A0E1B700F40D63 /* TJFoundationTests */,
				E9FC364815A0E1B700F40D63 /* Frameworks */,
				E9FC364715A0E1B700F40D63 /* Products */,
				E9E7B78C15A0FA4C0043A242 /* TODO */,
			);
			sourceTree = "<group>";
		};
		E9FC364715A0E1B700F40D63 /* Products */ = {
			isa = PBXGroup;
			children = (
				E9FC364615A0E1B700F40D63 /* libTJFoundation.a */,
				E9FC365615A0E1B700F40D63 /* TJFoundationTests.octest */,
				E9E66EB715B953F7002D8B50 /* TJFoundationResources.bundle */,
			);
			name = Products;
			sourceTree = "<group>";
		};
		E9FC364815A0E1B700F40D63 /* Frameworks */ = {
			isa = PBXGroup;
			children = (
				E9E7B7C415A0FD110043A242 /* UIKit.framework */,
				E9E7B7C215A0FCFD0043A242 /* MapKit.framework */,
				E9FC364915A0E1B700F40D63 /* Foundation.framework */,
				E9FC365715A0E1B700F40D63 /* SenTestingKit.framework */,
				E9E66EB815B953F7002D8B50 /* CoreFoundation.framework */,
			);
			name = Frameworks;
			sourceTree = "<group>";
		};
		E9FC364B15A0E1B700F40D63 /* TJFoundation */ = {
			isa = PBXGroup;
			children = (
				E9F6063C15A0E61500C5E9FF /* Classes */,
				E96B05E115BC149400F67797 /* Vendors */,
				E9FC364C15A0E1B700F40D63 /* Supporting Files */,
			);
			path = TJFoundation;
			sourceTree = "<group>";
		};
		E9FC364C15A0E1B700F40D63 /* Supporting Files */ = {
			isa = PBXGroup;
			children = (
				E9FC364D15A0E1B700F40D63 /* TJFoundation-Prefix.pch */,
			);
			name = "Supporting Files";
			sourceTree = "<group>";
		};
		E9FC365F15A0E1B700F40D63 /* TJFoundationTests */ = {
			isa = PBXGroup;
			children = (
				E9E7B71415A0F5930043A242 /* Tests */,
				E9FC366015A0E1B700F40D63 /* Supporting Files */,
			);
			path = TJFoundationTests;
			sourceTree = "<group>";
		};
		E9FC366015A0E1B700F40D63 /* Supporting Files */ = {
			isa = PBXGroup;
			children = (
				E9FC366115A0E1B700F40D63 /* TJFoundationTests-Info.plist */,
				E9FC366215A0E1B700F40D63 /* InfoPlist.strings */,
			);
			name = "Supporting Files";
			sourceTree = "<group>";
		};
/* End PBXGroup section */

/* Begin PBXHeadersBuildPhase section */
		E9FC364415A0E1B700F40D63 /* Headers */ = {
			isa = PBXHeadersBuildPhase;
			buildActionMask = 2147483647;
			files = (
				E9FC367715A0E34900F40D63 /* TJFoundation.h in Headers */,
				E9E7B6FE15A0EAD80043A242 /* NSString+Manipulating.h in Headers */,
				E9E7B70215A0EC290043A242 /* NSString+Substring.h in Headers */,
				E9E7B70615A0EC620043A242 /* NSString+Identifying.h in Headers */,
				E9E7B70A15A0ED150043A242 /* NSString+Converting.h in Headers */,
				E9E7B70F15A0F4FF0043A242 /* NSData+Converting.h in Headers */,
				E9E7B73715A0F68E0043A242 /* UIColor+Additions.h in Headers */,
				E9E7B78215A0F9FF0043A242 /* UIColor+ATColorExtension.h in Headers */,
				E9E7B78615A0F9FF0043A242 /* NSDictionary+Additions.h in Headers */,
				E9E7B78815A0F9FF0043A242 /* NSArray+Underscore.h in Headers */,
				E945FFF515AC7EEF00A6E015 /* NSObject+Additions.h in Headers */,
				E904A8F415AD8047004505A1 /* UIDevice+Additions.h in Headers */,
				E9FA2A9A15AF4FAF00ABE286 /* NSObject+Subscripting.h in Headers */,
				E9452F5A15B80642006655B1 /* UIView+Frame.h in Headers */,
				E908AC4915B95865003B0CE5 /* NSBundle+TJFoundation.h in Headers */,
				E908AC4E15B95943003B0CE5 /* UIImage+Bundle.h in Headers */,
				E987A64515BD9C3600985E83 /* NSString+PropertyKVC.h in Headers */,
				E987A64915BD9C3600985E83 /* UIAlertView+Additions.h in Headers */,
				E943349D160AAD7400ABEFC2 /* MKMapView+ZoomLevel.h in Headers */,
				E9B7E2D0160AF2A00053E55C /* MKMapView+Regions.h in Headers */,
				E911279E167ED62B001023AB /* NSArray+TJFoundation.h in Headers */,
				E91127AA167EDA58001023AB /* NSNumber+TJFoundation.h in Headers */,
				E91127AF167EDAE6001023AB /* UIView+Screenshot.h in Headers */,
				E91127BA167EDB95001023AB /* UIImageView+TJFoundation.h in Headers */,
			);
			runOnlyForDeploymentPostprocessing = 0;
		};
/* End PBXHeadersBuildPhase section */

/* Begin PBXNativeTarget section */
		E9E66EB615B953F7002D8B50 /* TJFoundationResources */ = {
			isa = PBXNativeTarget;
			buildConfigurationList = E9E66EC315B953F7002D8B50 /* Build configuration list for PBXNativeTarget "TJFoundationResources" */;
			buildPhases = (
				E9E66EB315B953F7002D8B50 /* Sources */,
				E9E66EB415B953F7002D8B50 /* Frameworks */,
				E9E66EB515B953F7002D8B50 /* Resources */,
			);
			buildRules = (
			);
			dependencies = (
			);
			name = TJFoundationResources;
			productName = TJFoundationResources;
			productReference = E9E66EB715B953F7002D8B50 /* TJFoundationResources.bundle */;
			productType = "com.apple.product-type.bundle";
		};
		E9FC364515A0E1B700F40D63 /* TJFoundation */ = {
			isa = PBXNativeTarget;
			buildConfigurationList = E9FC366A15A0E1B700F40D63 /* Build configuration list for PBXNativeTarget "TJFoundation" */;
			buildPhases = (
				E9FC364215A0E1B700F40D63 /* Sources */,
				E9FC364315A0E1B700F40D63 /* Frameworks */,
				E9FC364415A0E1B700F40D63 /* Headers */,
				E953F07515E3527D0042C6C8 /* Prepare Framework */,
			);
			buildRules = (
			);
			dependencies = (
			);
			name = TJFoundation;
			productName = TJFoundation;
			productReference = E9FC364615A0E1B700F40D63 /* libTJFoundation.a */;
			productType = "com.apple.product-type.library.static";
		};
		E9FC365515A0E1B700F40D63 /* TJFoundationTests */ = {
			isa = PBXNativeTarget;
			buildConfigurationList = E9FC366D15A0E1B700F40D63 /* Build configuration list for PBXNativeTarget "TJFoundationTests" */;
			buildPhases = (
				E9FC365115A0E1B700F40D63 /* Sources */,
				E9FC365215A0E1B700F40D63 /* Frameworks */,
				E9FC365315A0E1B700F40D63 /* Resources */,
				E9FC365415A0E1B700F40D63 /* ShellScript */,
			);
			buildRules = (
			);
			dependencies = (
				E9FC365D15A0E1B700F40D63 /* PBXTargetDependency */,
			);
			name = TJFoundationTests;
			productName = TJFoundationTests;
			productReference = E9FC365615A0E1B700F40D63 /* TJFoundationTests.octest */;
			productType = "com.apple.product-type.bundle";
		};
/* End PBXNativeTarget section */

/* Begin PBXProject section */
		E9FC363D15A0E1B700F40D63 /* Project object */ = {
			isa = PBXProject;
			attributes = {
				LastUpgradeCheck = 0430;
			};
			buildConfigurationList = E9FC364015A0E1B700F40D63 /* Build configuration list for PBXProject "TJFoundation" */;
			compatibilityVersion = "Xcode 3.2";
			developmentRegion = English;
			hasScannedForEncodings = 0;
			knownRegions = (
				en,
			);
			mainGroup = E9FC363B15A0E1B700F40D63;
			productRefGroup = E9FC364715A0E1B700F40D63 /* Products */;
			projectDirPath = "";
			projectRoot = "";
			targets = (
				E9FC364515A0E1B700F40D63 /* TJFoundation */,
				E9FC365515A0E1B700F40D63 /* TJFoundationTests */,
				E9E66EB615B953F7002D8B50 /* TJFoundationResources */,
				E953F06B15E34F480042C6C8 /* MakeFramework */,
			);
		};
/* End PBXProject section */

/* Begin PBXResourcesBuildPhase section */
		E9E66EB515B953F7002D8B50 /* Resources */ = {
			isa = PBXResourcesBuildPhase;
			buildActionMask = 2147483647;
			files = (
			);
			runOnlyForDeploymentPostprocessing = 0;
		};
		E9FC365315A0E1B700F40D63 /* Resources */ = {
			isa = PBXResourcesBuildPhase;
			buildActionMask = 2147483647;
			files = (
				E9FC366415A0E1B700F40D63 /* InfoPlist.strings in Resources */,
			);
			runOnlyForDeploymentPostprocessing = 0;
		};
/* End PBXResourcesBuildPhase section */

/* Begin PBXShellScriptBuildPhase section */
		E953F07215E34F660042C6C8 /* Make Framework */ = {
			isa = PBXShellScriptBuildPhase;
			buildActionMask = 2147483647;
			files = (
			);
			inputPaths = (
			);
			name = "Make Framework";
			outputPaths = (
			);
			runOnlyForDeploymentPostprocessing = 0;
			shellPath = /bin/sh;
			shellScript = "set -e\nset +u\n# Avoid recursively calling this script.\nif [[ $SF_MASTER_SCRIPT_RUNNING ]]\nthen\nexit 0\nfi\nset -u\nexport SF_MASTER_SCRIPT_RUNNING=1\n\nSF_TARGET_NAME=${PROJECT_NAME}\nSF_EXECUTABLE_PATH=\"lib${SF_TARGET_NAME}.a\"\nSF_WRAPPER_NAME=\"${SF_TARGET_NAME}.framework\"\n\n# The following conditionals come from\n# https://github.com/kstenerud/iOS-Universal-Framework\n\nif [[ \"$SDK_NAME\" =~ ([A-Za-z]+) ]]\nthen\nSF_SDK_PLATFORM=${BASH_REMATCH[1]}\nelse\necho \"Could not find platform name from SDK_NAME: $SDK_NAME\"\nexit 1\nfi\n\nif [[ \"$SDK_NAME\" =~ ([0-9]+.*$) ]]\nthen\nSF_SDK_VERSION=${BASH_REMATCH[1]}\nelse\necho \"Could not find sdk version from SDK_NAME: $SDK_NAME\"\nexit 1\nfi\n\nif [[ \"$SF_SDK_PLATFORM\" = \"iphoneos\" ]]\nthen\nSF_OTHER_PLATFORM=iphonesimulator\nelse\nSF_OTHER_PLATFORM=iphoneos\nfi\n\nif [[ \"$BUILT_PRODUCTS_DIR\" =~ (.*)$SF_SDK_PLATFORM$ ]]\nthen\nSF_OTHER_BUILT_PRODUCTS_DIR=\"${BASH_REMATCH[1]}${SF_OTHER_PLATFORM}\"\nelse\necho \"Could not find platform name from build products directory: $BUILT_PRODUCTS_DIR\"\nexit 1\nfi\n\n# Build the other platform.\nxcodebuild -project \"${PROJECT_FILE_PATH}\" -target \"${TARGET_NAME}\" -configuration \"${CONFIGURATION}\" -sdk ${SF_OTHER_PLATFORM}${SF_SDK_VERSION} BUILD_DIR=\"${BUILD_DIR}\" OBJROOT=\"${OBJROOT}\" BUILD_ROOT=\"${BUILD_ROOT}\" SYMROOT=\"${SYMROOT}\" $ACTION\n\nls \"${BUILT_PRODUCTS_DIR}/${SF_EXECUTABLE_PATH}\"\nls \"${SF_OTHER_BUILT_PRODUCTS_DIR}/${SF_EXECUTABLE_PATH}\"\n\n# Smash the two static libraries into one fat binary and store it in the .framework\nlipo -create \"${BUILT_PRODUCTS_DIR}/${SF_EXECUTABLE_PATH}\" \"${SF_OTHER_BUILT_PRODUCTS_DIR}/${SF_EXECUTABLE_PATH}\" -output \"${BUILT_PRODUCTS_DIR}/${SF_WRAPPER_NAME}/Versions/A/${SF_TARGET_NAME}\"\n\n# Copy the binary to the other architecture folder to have a complete framework in both.\ncp -a \"${BUILT_PRODUCTS_DIR}/${SF_WRAPPER_NAME}/Versions/A/${SF_TARGET_NAME}\" \"${SF_OTHER_BUILT_PRODUCTS_DIR}/${SF_WRAPPER_NAME}/Versions/A/${SF_TARGET_NAME}\"\n\nopen \"${BUILT_PRODUCTS_DIR}\"";
			showEnvVarsInLog = 0;
		};
		E953F07515E3527D0042C6C8 /* Prepare Framework */ = {
			isa = PBXShellScriptBuildPhase;
			buildActionMask = 2147483647;
			files = (
			);
			inputPaths = (
			);
			name = "Prepare Framework";
			outputPaths = (
			);
			runOnlyForDeploymentPostprocessing = 0;
			shellPath = /bin/sh;
			shellScript = "set -e\n\nmkdir -p \"${BUILT_PRODUCTS_DIR}/${PRODUCT_NAME}.framework/Versions/A/Headers\"\n\n# Link the \"Current\" version to \"A\"\n/bin/ln -sfh A \"${BUILT_PRODUCTS_DIR}/${PRODUCT_NAME}.framework/Versions/Current\"\n/bin/ln -sfh Versions/Current/Headers \"${BUILT_PRODUCTS_DIR}/${PRODUCT_NAME}.framework/Headers\"\n/bin/ln -sfh \"Versions/Current/${PRODUCT_NAME}\" \"${BUILT_PRODUCTS_DIR}/${PRODUCT_NAME}.framework/${PRODUCT_NAME}\"\n\n# The -a ensures that the headers maintain the source modification date so that we don't constantly\n# cause propagating rebuilds of files that import these headers.\n/bin/cp -a \"${TARGET_BUILD_DIR}/${PUBLIC_HEADERS_FOLDER_PATH}/\" \"${BUILT_PRODUCTS_DIR}/${PRODUCT_NAME}.framework/Versions/A/Headers\"\n";
			showEnvVarsInLog = 0;
		};
		E9FC365415A0E1B700F40D63 /* ShellScript */ = {
			isa = PBXShellScriptBuildPhase;
			buildActionMask = 2147483647;
			files = (
			);
			inputPaths = (
			);
			outputPaths = (
			);
			runOnlyForDeploymentPostprocessing = 0;
			shellPath = /bin/sh;
			shellScript = "# Run the unit tests in this test bundle.\n\"${SYSTEM_DEVELOPER_DIR}/Tools/RunUnitTests\"\n";
		};
/* End PBXShellScriptBuildPhase section */

/* Begin PBXSourcesBuildPhase section */
		E9E66EB315B953F7002D8B50 /* Sources */ = {
			isa = PBXSourcesBuildPhase;
			buildActionMask = 2147483647;
			files = (
			);
			runOnlyForDeploymentPostprocessing = 0;
		};
		E9FC364215A0E1B700F40D63 /* Sources */ = {
			isa = PBXSourcesBuildPhase;
			buildActionMask = 2147483647;
			files = (
				E9E7B6FF15A0EAD80043A242 /* NSString+Manipulating.m in Sources */,
				E9E7B70315A0EC290043A242 /* NSString+Substring.m in Sources */,
				E9E7B70715A0EC620043A242 /* NSString+Identifying.m in Sources */,
				E9E7B70B15A0ED150043A242 /* NSString+Converting.m in Sources */,
				E9E7B71015A0F4FF0043A242 /* NSData+Converting.m in Sources */,
				E9E7B73B15A0F6BE0043A242 /* UIColor+Additions.m in Sources */,
				E9E7B78115A0F9FF0043A242 /* UIColor+ATColorExtension.m in Sources */,
				E9E7B78515A0F9FF0043A242 /* NSDictionary+Additions.m in Sources */,
				E9E7B78715A0F9FF0043A242 /* NSArray+Underscore.m in Sources */,
				E945FFF615AC7EEF00A6E015 /* NSObject+Additions.m in Sources */,
				E904A8F515AD8047004505A1 /* UIDevice+Additions.m in Sources */,
				E9452F5B15B80642006655B1 /* UIView+Frame.m in Sources */,
				E908AC4A15B95865003B0CE5 /* NSBundle+TJFoundation.m in Sources */,
				E908AC4F15B95943003B0CE5 /* UIImage+Bundle.m in Sources */,
				E987A64815BD9C3600985E83 /* UIAlertView+Additions.m in Sources */,
				E943349E160AAD7400ABEFC2 /* MKMapView+ZoomLevel.m in Sources */,
				E9B7E2D1160AF2A00053E55C /* MKMapView+Regions.m in Sources */,
				E911279F167ED62B001023AB /* NSArray+TJFoundation.m in Sources */,
				E91127AB167EDA58001023AB /* NSNumber+TJFoundation.m in Sources */,
				E91127B0167EDAE6001023AB /* UIView+Screenshot.m in Sources */,
				E91127BB167EDB95001023AB /* UIImageView+TJFoundation.m in Sources */,
			);
			runOnlyForDeploymentPostprocessing = 0;
		};
		E9FC365115A0E1B700F40D63 /* Sources */ = {
			isa = PBXSourcesBuildPhase;
			buildActionMask = 2147483647;
			files = (
				E9FC366715A0E1B700F40D63 /* TJFoundationTests.m in Sources */,
				E9E7B6F515A0E9100043A242 /* StringTests.m in Sources */,
				E9E7B71315A0F5510043A242 /* DataTests.m in Sources */,
				E9D0D54415A19D06007F9309 /* ArrayTests.m in Sources */,
			);
			runOnlyForDeploymentPostprocessing = 0;
		};
/* End PBXSourcesBuildPhase section */

/* Begin PBXTargetDependency section */
		E953F07115E34F510042C6C8 /* PBXTargetDependency */ = {
			isa = PBXTargetDependency;
			target = E9FC364515A0E1B700F40D63 /* TJFoundation */;
			targetProxy = E953F07015E34F510042C6C8 /* PBXContainerItemProxy */;
		};
		E953F07415E350390042C6C8 /* PBXTargetDependency */ = {
			isa = PBXTargetDependency;
			target = E9E66EB615B953F7002D8B50 /* TJFoundationResources */;
			targetProxy = E953F07315E350390042C6C8 /* PBXContainerItemProxy */;
		};
		E9FC365D15A0E1B700F40D63 /* PBXTargetDependency */ = {
			isa = PBXTargetDependency;
			target = E9FC364515A0E1B700F40D63 /* TJFoundation */;
			targetProxy = E9FC365C15A0E1B700F40D63 /* PBXContainerItemProxy */;
		};
/* End PBXTargetDependency section */

/* Begin PBXVariantGroup section */
		E9FC366215A0E1B700F40D63 /* InfoPlist.strings */ = {
			isa = PBXVariantGroup;
			children = (
				E9FC366315A0E1B700F40D63 /* en */,
			);
			name = InfoPlist.strings;
			sourceTree = "<group>";
		};
/* End PBXVariantGroup section */

/* Begin XCBuildConfiguration section */
		E953F06C15E34F480042C6C8 /* Debug */ = {
			isa = XCBuildConfiguration;
			buildSettings = {
				PRODUCT_NAME = "$(TARGET_NAME)";
			};
			name = Debug;
		};
		E953F06D15E34F480042C6C8 /* Release */ = {
			isa = XCBuildConfiguration;
			buildSettings = {
				PRODUCT_NAME = "$(TARGET_NAME)";
			};
			name = Release;
		};
		E9E66EC115B953F7002D8B50 /* Debug */ = {
			isa = XCBuildConfiguration;
			buildSettings = {
				ARCHS = "$(ARCHS_STANDARD_32_BIT)";
				GCC_ENABLE_OBJC_EXCEPTIONS = YES;
				GCC_PRECOMPILE_PREFIX_HEADER = YES;
				GCC_PREFIX_HEADER = "TJFoundationResources/TJFoundationResources-Prefix.pch";
				GCC_WARN_64_TO_32_BIT_CONVERSION = YES;
				INSTALL_PATH = "$(LOCAL_LIBRARY_DIR)/Bundles";
				MACOSX_DEPLOYMENT_TARGET = 10.7;
				ONLY_ACTIVE_ARCH = YES;
				PRODUCT_NAME = "$(TARGET_NAME)";
				SDKROOT = iphoneos;
				WRAPPER_EXTENSION = bundle;
			};
			name = Debug;
		};
		E9E66EC215B953F7002D8B50 /* Release */ = {
			isa = XCBuildConfiguration;
			buildSettings = {
				ARCHS = "$(ARCHS_STANDARD_32_BIT)";
				DEBUG_INFORMATION_FORMAT = "dwarf-with-dsym";
				GCC_ENABLE_OBJC_EXCEPTIONS = YES;
				GCC_PRECOMPILE_PREFIX_HEADER = YES;
				GCC_PREFIX_HEADER = "TJFoundationResources/TJFoundationResources-Prefix.pch";
				GCC_WARN_64_TO_32_BIT_CONVERSION = YES;
				INSTALL_PATH = "$(LOCAL_LIBRARY_DIR)/Bundles";
				MACOSX_DEPLOYMENT_TARGET = 10.7;
				PRODUCT_NAME = "$(TARGET_NAME)";
				SDKROOT = iphoneos;
				WRAPPER_EXTENSION = bundle;
			};
			name = Release;
		};
		E9FC366815A0E1B700F40D63 /* Debug */ = {
			isa = XCBuildConfiguration;
			buildSettings = {
				ALWAYS_SEARCH_USER_PATHS = NO;
				ARCHS = "$(ARCHS_STANDARD_32_BIT)";
				CLANG_ENABLE_OBJC_ARC = YES;
				COPY_PHASE_STRIP = NO;
				GCC_C_LANGUAGE_STANDARD = gnu99;
				GCC_DYNAMIC_NO_PIC = NO;
				GCC_OPTIMIZATION_LEVEL = 0;
				GCC_PREPROCESSOR_DEFINITIONS = (
					"DEBUG=1",
					"$(inherited)",
				);
				GCC_SYMBOLS_PRIVATE_EXTERN = NO;
				GCC_VERSION = com.apple.compilers.llvm.clang.1_0;
				GCC_WARN_ABOUT_RETURN_TYPE = YES;
				GCC_WARN_UNINITIALIZED_AUTOS = YES;
				GCC_WARN_UNUSED_VARIABLE = YES;
				IPHONEOS_DEPLOYMENT_TARGET = 4.0;
				SDKROOT = iphoneos;
			};
			name = Debug;
		};
		E9FC366915A0E1B700F40D63 /* Release */ = {
			isa = XCBuildConfiguration;
			buildSettings = {
				ALWAYS_SEARCH_USER_PATHS = NO;
				ARCHS = "$(ARCHS_STANDARD_32_BIT)";
				CLANG_ENABLE_OBJC_ARC = YES;
				COPY_PHASE_STRIP = YES;
				GCC_C_LANGUAGE_STANDARD = gnu99;
				GCC_VERSION = com.apple.compilers.llvm.clang.1_0;
				GCC_WARN_ABOUT_RETURN_TYPE = YES;
				GCC_WARN_UNINITIALIZED_AUTOS = YES;
				GCC_WARN_UNUSED_VARIABLE = YES;
				IPHONEOS_DEPLOYMENT_TARGET = 4.0;
				SDKROOT = iphoneos;
				VALIDATE_PRODUCT = YES;
			};
			name = Release;
		};
		E9FC366B15A0E1B700F40D63 /* Debug */ = {
			isa = XCBuildConfiguration;
			buildSettings = {
				COPY_PHASE_STRIP = NO;
				DEAD_CODE_STRIPPING = NO;
				DSTROOT = /tmp/TJFoundation.dst;
				FRAMEWORK_SEARCH_PATHS = (
					"$(inherited)",
					"\"$(SYSTEM_APPS_DIR)/Xcode 4.5.app/Contents/Developer/Library/Frameworks\"",
				);
				GCC_PRECOMPILE_PREFIX_HEADER = YES;
				GCC_PREFIX_HEADER = "TJFoundation/TJFoundation-Prefix.pch";
				OTHER_LDFLAGS = "";
				PRODUCT_NAME = "$(TARGET_NAME)";
				PUBLIC_HEADERS_FOLDER_PATH = "include/$(TARGET_NAME)";
				SKIP_INSTALL = YES;
				STRIP_STYLE = "non-global";
			};
			name = Debug;
		};
		E9FC366C15A0E1B700F40D63 /* Release */ = {
			isa = XCBuildConfiguration;
			buildSettings = {
				COPY_PHASE_STRIP = NO;
				DEAD_CODE_STRIPPING = NO;
				DSTROOT = /tmp/TJFoundation.dst;
				FRAMEWORK_SEARCH_PATHS = (
					"$(inherited)",
					"\"$(SYSTEM_APPS_DIR)/Xcode 4.5.app/Contents/Developer/Library/Frameworks\"",
				);
				GCC_PRECOMPILE_PREFIX_HEADER = YES;
				GCC_PREFIX_HEADER = "TJFoundation/TJFoundation-Prefix.pch";
				OTHER_LDFLAGS = "";
				PRODUCT_NAME = "$(TARGET_NAME)";
				PUBLIC_HEADERS_FOLDER_PATH = "include/$(TARGET_NAME)";
				SKIP_INSTALL = YES;
				STRIP_STYLE = "non-global";
			};
			name = Release;
		};
		E9FC366E15A0E1B700F40D63 /* Debug */ = {
			isa = XCBuildConfiguration;
			buildSettings = {
				FRAMEWORK_SEARCH_PATHS = (
					"$(inherited)",
					"$(SDKROOT)/Developer/Library/Frameworks",
					"$(DEVELOPER_LIBRARY_DIR)/Frameworks",
					"$(SDKDIR)/Developer/Library/Frameworks",
				);
				GCC_PRECOMPILE_PREFIX_HEADER = YES;
				GCC_PREFIX_HEADER = "TJFoundation/TJFoundation-Prefix.pch";
				INFOPLIST_FILE = "TJFoundationTests/TJFoundationTests-Info.plist";
				OTHER_LDFLAGS = "-ObjC";
				PRODUCT_NAME = "$(TARGET_NAME)";
				WRAPPER_EXTENSION = octest;
			};
			name = Debug;
		};
		E9FC366F15A0E1B700F40D63 /* Release */ = {
			isa = XCBuildConfiguration;
			buildSettings = {
				FRAMEWORK_SEARCH_PATHS = (
					"$(inherited)",
					"$(SDKROOT)/Developer/Library/Frameworks",
					"$(DEVELOPER_LIBRARY_DIR)/Frameworks",
					"$(SDKDIR)/Developer/Library/Frameworks",
				);
				GCC_PRECOMPILE_PREFIX_HEADER = YES;
				GCC_PREFIX_HEADER = "TJFoundation/TJFoundation-Prefix.pch";
				INFOPLIST_FILE = "TJFoundationTests/TJFoundationTests-Info.plist";
				OTHER_LDFLAGS = "-ObjC";
				PRODUCT_NAME = "$(TARGET_NAME)";
				WRAPPER_EXTENSION = octest;
			};
			name = Release;
		};
/* End XCBuildConfiguration section */

/* Begin XCConfigurationList section */
		E953F06E15E34F480042C6C8 /* Build configuration list for PBXAggregateTarget "MakeFramework" */ = {
			isa = XCConfigurationList;
			buildConfigurations = (
				E953F06C15E34F480042C6C8 /* Debug */,
				E953F06D15E34F480042C6C8 /* Release */,
			);
			defaultConfigurationIsVisible = 0;
			defaultConfigurationName = Release;
		};
		E9E66EC315B953F7002D8B50 /* Build configuration list for PBXNativeTarget "TJFoundationResources" */ = {
			isa = XCConfigurationList;
			buildConfigurations = (
				E9E66EC115B953F7002D8B50 /* Debug */,
				E9E66EC215B953F7002D8B50 /* Release */,
			);
			defaultConfigurationIsVisible = 0;
			defaultConfigurationName = Release;
		};
		E9FC364015A0E1B700F40D63 /* Build configuration list for PBXProject "TJFoundation" */ = {
			isa = XCConfigurationList;
			buildConfigurations = (
				E9FC366815A0E1B700F40D63 /* Debug */,
				E9FC366915A0E1B700F40D63 /* Release */,
			);
			defaultConfigurationIsVisible = 0;
			defaultConfigurationName = Release;
		};
		E9FC366A15A0E1B700F40D63 /* Build configuration list for PBXNativeTarget "TJFoundation" */ = {
			isa = XCConfigurationList;
			buildConfigurations = (
				E9FC366B15A0E1B700F40D63 /* Debug */,
				E9FC366C15A0E1B700F40D63 /* Release */,
			);
			defaultConfigurationIsVisible = 0;
			defaultConfigurationName = Release;
		};
		E9FC366D15A0E1B700F40D63 /* Build configuration list for PBXNativeTarget "TJFoundationTests" */ = {
			isa = XCConfigurationList;
			buildConfigurations = (
				E9FC366E15A0E1B700F40D63 /* Debug */,
				E9FC366F15A0E1B700F40D63 /* Release */,
			);
			defaultConfigurationIsVisible = 0;
			defaultConfigurationName = Release;
		};
/* End XCConfigurationList section */
	};
	rootObject = E9FC363D15A0E1B700F40D63 /* Project object */;
}
