// !$*UTF8*$!
{
	archiveVersion = 1;
	classes = {
	};
	objectVersion = 46;
	objects = {

/* Begin PBXBuildFile section */
		E932BED9160980B600A8AEC6 /* Default-568h@2x.png in Resources */ = {isa = PBXBuildFile; fileRef = E932BED8160980B600A8AEC6 /* Default-568h@2x.png */; };
		E97C59E615BC873E00EA8786 /* UIKit.framework in Frameworks */ = {isa = PBXBuildFile; fileRef = E97C59E515BC873E00EA8786 /* UIKit.framework */; };
		E97C59E815BC873E00EA8786 /* Foundation.framework in Frameworks */ = {isa = PBXBuildFile; fileRef = E97C59E715BC873E00EA8786 /* Foundation.framework */; };
		E97C59EA15BC873E00EA8786 /* CoreGraphics.framework in Frameworks */ = {isa = PBXBuildFile; fileRef = E97C59E915BC873E00EA8786 /* CoreGraphics.framework */; };
		E97C59F015BC873E00EA8786 /* InfoPlist.strings in Resources */ = {isa = PBXBuildFile; fileRef = E97C59EE15BC873E00EA8786 /* InfoPlist.strings */; };
		E97C59F215BC873E00EA8786 /* main.m in Sources */ = {isa = PBXBuildFile; fileRef = E97C59F115BC873E00EA8786 /* main.m */; };
		E97C59F615BC873E00EA8786 /* AppDelegate.m in Sources */ = {isa = PBXBuildFile; fileRef = E97C59F515BC873E00EA8786 /* AppDelegate.m */; };
		E97C59FC15BC873E00EA8786 /* ViewController.m in Sources */ = {isa = PBXBuildFile; fileRef = E97C59FB15BC873E00EA8786 /* ViewController.m */; };
		E97C5A0415BC873E00EA8786 /* SenTestingKit.framework in Frameworks */ = {isa = PBXBuildFile; fileRef = E97C5A0315BC873E00EA8786 /* SenTestingKit.framework */; };
		E97C5A0515BC873E00EA8786 /* UIKit.framework in Frameworks */ = {isa = PBXBuildFile; fileRef = E97C59E515BC873E00EA8786 /* UIKit.framework */; };
		E97C5A0615BC873E00EA8786 /* Foundation.framework in Frameworks */ = {isa = PBXBuildFile; fileRef = E97C59E715BC873E00EA8786 /* Foundation.framework */; };
		E97C5A0E15BC873E00EA8786 /* InfoPlist.strings in Resources */ = {isa = PBXBuildFile; fileRef = E97C5A0C15BC873E00EA8786 /* InfoPlist.strings */; };
		E97C5A1115BC873E00EA8786 /* TJFoundationDemoTests.m in Sources */ = {isa = PBXBuildFile; fileRef = E97C5A1015BC873E00EA8786 /* TJFoundationDemoTests.m */; };
		E97C5A2015BC883D00EA8786 /* QuartzCore.framework in Frameworks */ = {isa = PBXBuildFile; fileRef = E97C5A1F15BC883D00EA8786 /* QuartzCore.framework */; };
		E97C5A2215BC884400EA8786 /* MapKit.framework in Frameworks */ = {isa = PBXBuildFile; fileRef = E97C5A2115BC884400EA8786 /* MapKit.framework */; };
		E97C5A4315BC912400EA8786 /* libz.dylib in Frameworks */ = {isa = PBXBuildFile; fileRef = E97C5A4215BC912400EA8786 /* libz.dylib */; };
		E9C3145315BD9B5700AA41D2 /* libTJFoundation.a in Frameworks */ = {isa = PBXBuildFile; fileRef = E9C3145215BD9B5700AA41D2 /* libTJFoundation.a */; };
		E9C4CD1A15BD3A440031D029 /* Status.m in Sources */ = {isa = PBXBuildFile; fileRef = E9C4CD1915BD3A430031D029 /* Status.m */; };
		E9C4CD2E15BD48610031D029 /* Statuses.m in Sources */ = {isa = PBXBuildFile; fileRef = E9C4CD2D15BD48610031D029 /* Statuses.m */; };
		E9C4CD3E15BD5E410031D029 /* User.m in Sources */ = {isa = PBXBuildFile; fileRef = E9C4CD3D15BD5E410031D029 /* User.m */; };
		E9C4CD4115BD7EAA0031D029 /* Github.m in Sources */ = {isa = PBXBuildFile; fileRef = E9C4CD4015BD7EA90031D029 /* Github.m */; };
		E9C4CD4415BD7F8B0031D029 /* Repository.m in Sources */ = {isa = PBXBuildFile; fileRef = E9C4CD4315BD7F8B0031D029 /* Repository.m */; };
		E9C4CD4C15BD80650031D029 /* Event.m in Sources */ = {isa = PBXBuildFile; fileRef = E9C4CD4B15BD80650031D029 /* Event.m */; };
		E9C4CD5915BD86BB0031D029 /* LeijonEvent.m in Sources */ = {isa = PBXBuildFile; fileRef = E9C4CD5815BD86BB0031D029 /* LeijonEvent.m */; };
		E9C4CD5C15BD86F20031D029 /* LeijonEvents.m in Sources */ = {isa = PBXBuildFile; fileRef = E9C4CD5B15BD86F20031D029 /* LeijonEvents.m */; };
		E9C4CD6015BD8A810031D029 /* Recherche.m in Sources */ = {isa = PBXBuildFile; fileRef = E9C4CD5F15BD8A810031D029 /* Recherche.m */; };
		E9C4CD6315BD8A8E0031D029 /* Annonce.m in Sources */ = {isa = PBXBuildFile; fileRef = E9C4CD6215BD8A8E0031D029 /* Annonce.m */; };
		E9C4CD6615BD8AA60031D029 /* Photo.m in Sources */ = {isa = PBXBuildFile; fileRef = E9C4CD6515BD8AA60031D029 /* Photo.m */; };
		E9C4CD6915BD8FF40031D029 /* Annonces.m in Sources */ = {isa = PBXBuildFile; fileRef = E9C4CD6815BD8FF30031D029 /* Annonces.m */; };
		E9C4CD6C15BD91A50031D029 /* Photos.m in Sources */ = {isa = PBXBuildFile; fileRef = E9C4CD6B15BD91A50031D029 /* Photos.m */; };
		E9C6D26016099333000B9DB6 /* TJFoundationResources.bundle in Resources */ = {isa = PBXBuildFile; fileRef = E9C6D25F16099333000B9DB6 /* TJFoundationResources.bundle */; };
/* End PBXBuildFile section */

/* Begin PBXContainerItemProxy section */
		E97C5A0715BC873E00EA8786 /* PBXContainerItemProxy */ = {
			isa = PBXContainerItemProxy;
			containerPortal = E97C59D815BC873E00EA8786 /* Project object */;
			proxyType = 1;
			remoteGlobalIDString = E97C59E015BC873E00EA8786;
			remoteInfo = TJFoundationDemo;
		};
/* End PBXContainerItemProxy section */

/* Begin PBXFileReference section */
		E932BED8160980B600A8AEC6 /* Default-568h@2x.png */ = {isa = PBXFileReference; lastKnownFileType = image.png; path = "Default-568h@2x.png"; sourceTree = "<group>"; };
		E97C59E115BC873E00EA8786 /* TJFoundationDemo.app */ = {isa = PBXFileReference; explicitFileType = wrapper.application; includeInIndex = 0; path = TJFoundationDemo.app; sourceTree = BUILT_PRODUCTS_DIR; };
		E97C59E515BC873E00EA8786 /* UIKit.framework */ = {isa = PBXFileReference; lastKnownFileType = wrapper.framework; name = UIKit.framework; path = System/Library/Frameworks/UIKit.framework; sourceTree = SDKROOT; };
		E97C59E715BC873E00EA8786 /* Foundation.framework */ = {isa = PBXFileReference; lastKnownFileType = wrapper.framework; name = Foundation.framework; path = System/Library/Frameworks/Foundation.framework; sourceTree = SDKROOT; };
		E97C59E915BC873E00EA8786 /* CoreGraphics.framework */ = {isa = PBXFileReference; lastKnownFileType = wrapper.framework; name = CoreGraphics.framework; path = System/Library/Frameworks/CoreGraphics.framework; sourceTree = SDKROOT; };
		E97C59ED15BC873E00EA8786 /* TJFoundationDemo-Info.plist */ = {isa = PBXFileReference; lastKnownFileType = text.plist.xml; path = "TJFoundationDemo-Info.plist"; sourceTree = "<group>"; };
		E97C59EF15BC873E00EA8786 /* en */ = {isa = PBXFileReference; lastKnownFileType = text.plist.strings; name = en; path = en.lproj/InfoPlist.strings; sourceTree = "<group>"; };
		E97C59F115BC873E00EA8786 /* main.m */ = {isa = PBXFileReference; lastKnownFileType = sourcecode.c.objc; path = main.m; sourceTree = "<group>"; };
		E97C59F315BC873E00EA8786 /* TJFoundationDemo-Prefix.pch */ = {isa = PBXFileReference; lastKnownFileType = sourcecode.c.h; path = "TJFoundationDemo-Prefix.pch"; sourceTree = "<group>"; };
		E97C59F415BC873E00EA8786 /* AppDelegate.h */ = {isa = PBXFileReference; lastKnownFileType = sourcecode.c.h; path = AppDelegate.h; sourceTree = "<group>"; };
		E97C59F515BC873E00EA8786 /* AppDelegate.m */ = {isa = PBXFileReference; lastKnownFileType = sourcecode.c.objc; path = AppDelegate.m; sourceTree = "<group>"; };
		E97C59FA15BC873E00EA8786 /* ViewController.h */ = {isa = PBXFileReference; lastKnownFileType = sourcecode.c.h; path = ViewController.h; sourceTree = "<group>"; };
		E97C59FB15BC873E00EA8786 /* ViewController.m */ = {isa = PBXFileReference; lastKnownFileType = sourcecode.c.objc; path = ViewController.m; sourceTree = "<group>"; };
		E97C5A0215BC873E00EA8786 /* TJFoundationDemoTests.octest */ = {isa = PBXFileReference; explicitFileType = wrapper.cfbundle; includeInIndex = 0; path = TJFoundationDemoTests.octest; sourceTree = BUILT_PRODUCTS_DIR; };
		E97C5A0315BC873E00EA8786 /* SenTestingKit.framework */ = {isa = PBXFileReference; lastKnownFileType = wrapper.framework; name = SenTestingKit.framework; path = Library/Frameworks/SenTestingKit.framework; sourceTree = DEVELOPER_DIR; };
		E97C5A0B15BC873E00EA8786 /* TJFoundationDemoTests-Info.plist */ = {isa = PBXFileReference; lastKnownFileType = text.plist.xml; path = "TJFoundationDemoTests-Info.plist"; sourceTree = "<group>"; };
		E97C5A0D15BC873E00EA8786 /* en */ = {isa = PBXFileReference; lastKnownFileType = text.plist.strings; name = en; path = en.lproj/InfoPlist.strings; sourceTree = "<group>"; };
		E97C5A0F15BC873E00EA8786 /* TJFoundationDemoTests.h */ = {isa = PBXFileReference; lastKnownFileType = sourcecode.c.h; path = TJFoundationDemoTests.h; sourceTree = "<group>"; };
		E97C5A1015BC873E00EA8786 /* TJFoundationDemoTests.m */ = {isa = PBXFileReference; lastKnownFileType = sourcecode.c.objc; path = TJFoundationDemoTests.m; sourceTree = "<group>"; };
		E97C5A1F15BC883D00EA8786 /* QuartzCore.framework */ = {isa = PBXFileReference; lastKnownFileType = wrapper.framework; name = QuartzCore.framework; path = System/Library/Frameworks/QuartzCore.framework; sourceTree = SDKROOT; };
		E97C5A2115BC884400EA8786 /* MapKit.framework */ = {isa = PBXFileReference; lastKnownFileType = wrapper.framework; name = MapKit.framework; path = System/Library/Frameworks/MapKit.framework; sourceTree = SDKROOT; };
		E97C5A4215BC912400EA8786 /* libz.dylib */ = {isa = PBXFileReference; lastKnownFileType = "compiled.mach-o.dylib"; name = libz.dylib; path = usr/lib/libz.dylib; sourceTree = SDKROOT; };
		E9C3145215BD9B5700AA41D2 /* libTJFoundation.a */ = {isa = PBXFileReference; lastKnownFileType = archive.ar; name = libTJFoundation.a; path = "../build/Release-iphoneos/libTJFoundation.a"; sourceTree = "<group>"; };
		E9C4CD1815BD3A430031D029 /* Status.h */ = {isa = PBXFileReference; fileEncoding = 4; lastKnownFileType = sourcecode.c.h; path = Status.h; sourceTree = "<group>"; };
		E9C4CD1915BD3A430031D029 /* Status.m */ = {isa = PBXFileReference; fileEncoding = 4; lastKnownFileType = sourcecode.c.objc; path = Status.m; sourceTree = "<group>"; };
		E9C4CD2C15BD48610031D029 /* Statuses.h */ = {isa = PBXFileReference; fileEncoding = 4; lastKnownFileType = sourcecode.c.h; path = Statuses.h; sourceTree = "<group>"; };
		E9C4CD2D15BD48610031D029 /* Statuses.m */ = {isa = PBXFileReference; fileEncoding = 4; lastKnownFileType = sourcecode.c.objc; path = Statuses.m; sourceTree = "<group>"; };
		E9C4CD3C15BD5E410031D029 /* User.h */ = {isa = PBXFileReference; fileEncoding = 4; lastKnownFileType = sourcecode.c.h; path = User.h; sourceTree = "<group>"; };
		E9C4CD3D15BD5E410031D029 /* User.m */ = {isa = PBXFileReference; fileEncoding = 4; lastKnownFileType = sourcecode.c.objc; path = User.m; sourceTree = "<group>"; };
		E9C4CD3F15BD7EA90031D029 /* Github.h */ = {isa = PBXFileReference; fileEncoding = 4; lastKnownFileType = sourcecode.c.h; path = Github.h; sourceTree = "<group>"; };
		E9C4CD4015BD7EA90031D029 /* Github.m */ = {isa = PBXFileReference; fileEncoding = 4; lastKnownFileType = sourcecode.c.objc; path = Github.m; sourceTree = "<group>"; };
		E9C4CD4215BD7F8B0031D029 /* Repository.h */ = {isa = PBXFileReference; fileEncoding = 4; lastKnownFileType = sourcecode.c.h; path = Repository.h; sourceTree = "<group>"; };
		E9C4CD4315BD7F8B0031D029 /* Repository.m */ = {isa = PBXFileReference; fileEncoding = 4; lastKnownFileType = sourcecode.c.objc; path = Repository.m; sourceTree = "<group>"; };
		E9C4CD4A15BD80640031D029 /* Event.h */ = {isa = PBXFileReference; fileEncoding = 4; lastKnownFileType = sourcecode.c.h; path = Event.h; sourceTree = "<group>"; };
		E9C4CD4B15BD80650031D029 /* Event.m */ = {isa = PBXFileReference; fileEncoding = 4; lastKnownFileType = sourcecode.c.objc; path = Event.m; sourceTree = "<group>"; };
		E9C4CD5715BD86BB0031D029 /* LeijonEvent.h */ = {isa = PBXFileReference; fileEncoding = 4; lastKnownFileType = sourcecode.c.h; path = LeijonEvent.h; sourceTree = "<group>"; };
		E9C4CD5815BD86BB0031D029 /* LeijonEvent.m */ = {isa = PBXFileReference; fileEncoding = 4; lastKnownFileType = sourcecode.c.objc; path = LeijonEvent.m; sourceTree = "<group>"; };
		E9C4CD5A15BD86F10031D029 /* LeijonEvents.h */ = {isa = PBXFileReference; fileEncoding = 4; lastKnownFileType = sourcecode.c.h; path = LeijonEvents.h; sourceTree = "<group>"; };
		E9C4CD5B15BD86F20031D029 /* LeijonEvents.m */ = {isa = PBXFileReference; fileEncoding = 4; lastKnownFileType = sourcecode.c.objc; path = LeijonEvents.m; sourceTree = "<group>"; };
		E9C4CD5E15BD8A800031D029 /* Recherche.h */ = {isa = PBXFileReference; fileEncoding = 4; lastKnownFileType = sourcecode.c.h; path = Recherche.h; sourceTree = "<group>"; };
		E9C4CD5F15BD8A810031D029 /* Recherche.m */ = {isa = PBXFileReference; fileEncoding = 4; lastKnownFileType = sourcecode.c.objc; path = Recherche.m; sourceTree = "<group>"; };
		E9C4CD6115BD8A8E0031D029 /* Annonce.h */ = {isa = PBXFileReference; fileEncoding = 4; lastKnownFileType = sourcecode.c.h; path = Annonce.h; sourceTree = "<group>"; };
		E9C4CD6215BD8A8E0031D029 /* Annonce.m */ = {isa = PBXFileReference; fileEncoding = 4; lastKnownFileType = sourcecode.c.objc; path = Annonce.m; sourceTree = "<group>"; };
		E9C4CD6415BD8AA60031D029 /* Photo.h */ = {isa = PBXFileReference; fileEncoding = 4; lastKnownFileType = sourcecode.c.h; path = Photo.h; sourceTree = "<group>"; };
		E9C4CD6515BD8AA60031D029 /* Photo.m */ = {isa = PBXFileReference; fileEncoding = 4; lastKnownFileType = sourcecode.c.objc; path = Photo.m; sourceTree = "<group>"; };
		E9C4CD6715BD8FF30031D029 /* Annonces.h */ = {isa = PBXFileReference; fileEncoding = 4; lastKnownFileType = sourcecode.c.h; path = Annonces.h; sourceTree = "<group>"; };
		E9C4CD6815BD8FF30031D029 /* Annonces.m */ = {isa = PBXFileReference; fileEncoding = 4; lastKnownFileType = sourcecode.c.objc; path = Annonces.m; sourceTree = "<group>"; };
		E9C4CD6A15BD91A40031D029 /* Photos.h */ = {isa = PBXFileReference; fileEncoding = 4; lastKnownFileType = sourcecode.c.h; path = Photos.h; sourceTree = "<group>"; };
		E9C4CD6B15BD91A50031D029 /* Photos.m */ = {isa = PBXFileReference; fileEncoding = 4; lastKnownFileType = sourcecode.c.objc; path = Photos.m; sourceTree = "<group>"; };
		E9C6D25F16099333000B9DB6 /* TJFoundationResources.bundle */ = {isa = PBXFileReference; explicitFileType = wrapper.cfbundle; name = TJFoundationResources.bundle; path = "/Users/thomas/Library/Developer/Xcode/DerivedData/TJFoundation-aajkaqbobqdgwrftolhacyhlicyw/Build/Products/Debug-iphoneos/TJFoundationResources.bundle"; sourceTree = "<absolute>"; };
/* End PBXFileReference section */

/* Begin PBXFrameworksBuildPhase section */
		E97C59DE15BC873E00EA8786 /* Frameworks */ = {
			isa = PBXFrameworksBuildPhase;
			buildActionMask = 2147483647;
			files = (
				E97C5A4315BC912400EA8786 /* libz.dylib in Frameworks */,
				E9C3145315BD9B5700AA41D2 /* libTJFoundation.a in Frameworks */,
				E97C5A2215BC884400EA8786 /* MapKit.framework in Frameworks */,
				E97C5A2015BC883D00EA8786 /* QuartzCore.framework in Frameworks */,
				E97C59E615BC873E00EA8786 /* UIKit.framework in Frameworks */,
				E97C59E815BC873E00EA8786 /* Foundation.framework in Frameworks */,
				E97C59EA15BC873E00EA8786 /* CoreGraphics.framework in Frameworks */,
			);
			runOnlyForDeploymentPostprocessing = 0;
		};
		E97C59FE15BC873E00EA8786 /* Frameworks */ = {
			isa = PBXFrameworksBuildPhase;
			buildActionMask = 2147483647;
			files = (
				E97C5A0415BC873E00EA8786 /* SenTestingKit.framework in Frameworks */,
				E97C5A0515BC873E00EA8786 /* UIKit.framework in Frameworks */,
				E97C5A0615BC873E00EA8786 /* Foundation.framework in Frameworks */,
			);
			runOnlyForDeploymentPostprocessing = 0;
		};
/* End PBXFrameworksBuildPhase section */

/* Begin PBXGroup section */
		E97C59D615BC873E00EA8786 = {
			isa = PBXGroup;
			children = (
				E9C6D25F16099333000B9DB6 /* TJFoundationResources.bundle */,
				E97C59EB15BC873E00EA8786 /* TJFoundationDemo */,
				E97C5A0915BC873E00EA8786 /* TJFoundationDemoTests */,
				E97C59E415BC873E00EA8786 /* Frameworks */,
				E97C59E215BC873E00EA8786 /* Products */,
			);
			sourceTree = "<group>";
		};
		E97C59E215BC873E00EA8786 /* Products */ = {
			isa = PBXGroup;
			children = (
				E97C59E115BC873E00EA8786 /* TJFoundationDemo.app */,
				E97C5A0215BC873E00EA8786 /* TJFoundationDemoTests.octest */,
			);
			name = Products;
			sourceTree = "<group>";
		};
		E97C59E415BC873E00EA8786 /* Frameworks */ = {
			isa = PBXGroup;
			children = (
				E9C3145215BD9B5700AA41D2 /* libTJFoundation.a */,
				E97C5A4215BC912400EA8786 /* libz.dylib */,
				E97C5A2115BC884400EA8786 /* MapKit.framework */,
				E97C5A1F15BC883D00EA8786 /* QuartzCore.framework */,
				E97C59E515BC873E00EA8786 /* UIKit.framework */,
				E97C59E715BC873E00EA8786 /* Foundation.framework */,
				E97C59E915BC873E00EA8786 /* CoreGraphics.framework */,
				E97C5A0315BC873E00EA8786 /* SenTestingKit.framework */,
			);
			name = Frameworks;
			sourceTree = "<group>";
		};
		E97C59EB15BC873E00EA8786 /* TJFoundationDemo */ = {
			isa = PBXGroup;
			children = (
				E9C4CD4815BD7FC50031D029 /* Classes */,
				E97C59EC15BC873E00EA8786 /* Supporting Files */,
			);
			path = TJFoundationDemo;
			sourceTree = "<group>";
		};
		E97C59EC15BC873E00EA8786 /* Supporting Files */ = {
			isa = PBXGroup;
			children = (
				E932BED8160980B600A8AEC6 /* Default-568h@2x.png */,
				E97C59ED15BC873E00EA8786 /* TJFoundationDemo-Info.plist */,
				E97C59EE15BC873E00EA8786 /* InfoPlist.strings */,
				E97C59F115BC873E00EA8786 /* main.m */,
				E97C59F315BC873E00EA8786 /* TJFoundationDemo-Prefix.pch */,
			);
			name = "Supporting Files";
			sourceTree = "<group>";
		};
		E97C5A0915BC873E00EA8786 /* TJFoundationDemoTests */ = {
			isa = PBXGroup;
			children = (
				E97C5A0F15BC873E00EA8786 /* TJFoundationDemoTests.h */,
				E97C5A1015BC873E00EA8786 /* TJFoundationDemoTests.m */,
				E97C5A0A15BC873E00EA8786 /* Supporting Files */,
			);
			path = TJFoundationDemoTests;
			sourceTree = "<group>";
		};
		E97C5A0A15BC873E00EA8786 /* Supporting Files */ = {
			isa = PBXGroup;
			children = (
				E97C5A0B15BC873E00EA8786 /* TJFoundationDemoTests-Info.plist */,
				E97C5A0C15BC873E00EA8786 /* InfoPlist.strings */,
			);
			name = "Supporting Files";
			sourceTree = "<group>";
		};
		E9C4CD4515BD7F8D0031D029 /* Models */ = {
			isa = PBXGroup;
			children = (
				E9C4CD4715BD7F930031D029 /* Github */,
				E9C4CD5615BD86A90031D029 /* Leijon */,
				E9C4CD5D15BD8A500031D029 /* SeLoger */,
				E9C4CD4615BD7F900031D029 /* Twitter */,
			);
			name = Models;
			sourceTree = "<group>";
		};
		E9C4CD4615BD7F900031D029 /* Twitter */ = {
			isa = PBXGroup;
			children = (
				E9C4CD1815BD3A430031D029 /* Status.h */,
				E9C4CD1915BD3A430031D029 /* Status.m */,
				E9C4CD2C15BD48610031D029 /* Statuses.h */,
				E9C4CD2D15BD48610031D029 /* Statuses.m */,
				E9C4CD3C15BD5E410031D029 /* User.h */,
				E9C4CD3D15BD5E410031D029 /* User.m */,
			);
			name = Twitter;
			sourceTree = "<group>";
		};
		E9C4CD4715BD7F930031D029 /* Github */ = {
			isa = PBXGroup;
			children = (
				E9C4CD4A15BD80640031D029 /* Event.h */,
				E9C4CD4B15BD80650031D029 /* Event.m */,
				E9C4CD3F15BD7EA90031D029 /* Github.h */,
				E9C4CD4015BD7EA90031D029 /* Github.m */,
				E9C4CD4215BD7F8B0031D029 /* Repository.h */,
				E9C4CD4315BD7F8B0031D029 /* Repository.m */,
			);
			name = Github;
			sourceTree = "<group>";
		};
		E9C4CD4815BD7FC50031D029 /* Classes */ = {
			isa = PBXGroup;
			children = (
				E97C59F415BC873E00EA8786 /* AppDelegate.h */,
				E97C59F515BC873E00EA8786 /* AppDelegate.m */,
				E9C4CD4515BD7F8D0031D029 /* Models */,
				E9C4CD4915BD7FE60031D029 /* ViewControllers */,
			);
			name = Classes;
			sourceTree = "<group>";
		};
		E9C4CD4915BD7FE60031D029 /* ViewControllers */ = {
			isa = PBXGroup;
			children = (
				E97C59FA15BC873E00EA8786 /* ViewController.h */,
				E97C59FB15BC873E00EA8786 /* ViewController.m */,
			);
			name = ViewControllers;
			sourceTree = "<group>";
		};
		E9C4CD5615BD86A90031D029 /* Leijon */ = {
			isa = PBXGroup;
			children = (
				E9C4CD5715BD86BB0031D029 /* LeijonEvent.h */,
				E9C4CD5815BD86BB0031D029 /* LeijonEvent.m */,
				E9C4CD5A15BD86F10031D029 /* LeijonEvents.h */,
				E9C4CD5B15BD86F20031D029 /* LeijonEvents.m */,
			);
			name = Leijon;
			sourceTree = "<group>";
		};
		E9C4CD5D15BD8A500031D029 /* SeLoger */ = {
			isa = PBXGroup;
			children = (
				E9C4CD6115BD8A8E0031D029 /* Annonce.h */,
				E9C4CD6215BD8A8E0031D029 /* Annonce.m */,
				E9C4CD6715BD8FF30031D029 /* Annonces.h */,
				E9C4CD6815BD8FF30031D029 /* Annonces.m */,
				E9C4CD6415BD8AA60031D029 /* Photo.h */,
				E9C4CD6515BD8AA60031D029 /* Photo.m */,
				E9C4CD6A15BD91A40031D029 /* Photos.h */,
				E9C4CD6B15BD91A50031D029 /* Photos.m */,
				E9C4CD5E15BD8A800031D029 /* Recherche.h */,
				E9C4CD5F15BD8A810031D029 /* Recherche.m */,
			);
			name = SeLoger;
			sourceTree = "<group>";
		};
/* End PBXGroup section */

/* Begin PBXNativeTarget section */
		E97C59E015BC873E00EA8786 /* TJFoundationDemo */ = {
			isa = PBXNativeTarget;
			buildConfigurationList = E97C5A1415BC873E00EA8786 /* Build configuration list for PBXNativeTarget "TJFoundationDemo" */;
			buildPhases = (
				E97C59DD15BC873E00EA8786 /* Sources */,
				E97C59DE15BC873E00EA8786 /* Frameworks */,
				E97C59DF15BC873E00EA8786 /* Resources */,
			);
			buildRules = (
			);
			dependencies = (
			);
			name = TJFoundationDemo;
			productName = TJFoundationDemo;
			productReference = E97C59E115BC873E00EA8786 /* TJFoundationDemo.app */;
			productType = "com.apple.product-type.application";
		};
		E97C5A0115BC873E00EA8786 /* TJFoundationDemoTests */ = {
			isa = PBXNativeTarget;
			buildConfigurationList = E97C5A1715BC873E00EA8786 /* Build configuration list for PBXNativeTarget "TJFoundationDemoTests" */;
			buildPhases = (
				E97C59FD15BC873E00EA8786 /* Sources */,
				E97C59FE15BC873E00EA8786 /* Frameworks */,
				E97C59FF15BC873E00EA8786 /* Resources */,
				E97C5A0015BC873E00EA8786 /* ShellScript */,
			);
			buildRules = (
			);
			dependencies = (
				E97C5A0815BC873E00EA8786 /* PBXTargetDependency */,
			);
			name = TJFoundationDemoTests;
			productName = TJFoundationDemoTests;
			productReference = E97C5A0215BC873E00EA8786 /* TJFoundationDemoTests.octest */;
			productType = "com.apple.product-type.bundle";
		};
/* End PBXNativeTarget section */

/* Begin PBXProject section */
		E97C59D815BC873E00EA8786 /* Project object */ = {
			isa = PBXProject;
			attributes = {
				LastUpgradeCheck = 0450;
				ORGANIZATIONNAME = "Thomas Joulin";
			};
			buildConfigurationList = E97C59DB15BC873E00EA8786 /* Build configuration list for PBXProject "TJFoundationDemo" */;
			compatibilityVersion = "Xcode 3.2";
			developmentRegion = English;
			hasScannedForEncodings = 0;
			knownRegions = (
				en,
			);
			mainGroup = E97C59D615BC873E00EA8786;
			productRefGroup = E97C59E215BC873E00EA8786 /* Products */;
			projectDirPath = "";
			projectRoot = "";
			targets = (
				E97C59E015BC873E00EA8786 /* TJFoundationDemo */,
				E97C5A0115BC873E00EA8786 /* TJFoundationDemoTests */,
			);
		};
/* End PBXProject section */

/* Begin PBXResourcesBuildPhase section */
		E97C59DF15BC873E00EA8786 /* Resources */ = {
			isa = PBXResourcesBuildPhase;
			buildActionMask = 2147483647;
			files = (
				E9C6D26016099333000B9DB6 /* TJFoundationResources.bundle in Resources */,
				E97C59F015BC873E00EA8786 /* InfoPlist.strings in Resources */,
				E932BED9160980B600A8AEC6 /* Default-568h@2x.png in Resources */,
			);
			runOnlyForDeploymentPostprocessing = 0;
		};
		E97C59FF15BC873E00EA8786 /* Resources */ = {
			isa = PBXResourcesBuildPhase;
			buildActionMask = 2147483647;
			files = (
				E97C5A0E15BC873E00EA8786 /* InfoPlist.strings in Resources */,
			);
			runOnlyForDeploymentPostprocessing = 0;
		};
/* End PBXResourcesBuildPhase section */

/* Begin PBXShellScriptBuildPhase section */
		E97C5A0015BC873E00EA8786 /* ShellScript */ = {
			isa = PBXShellScriptBuildPhase;
			buildActionMask = 2147483647;
			files = (
			);
			inputPaths = (
			);
			outputPaths = (
			);
			runOnlyForDeploymentPostprocessing = 0;
			shellPath = /bin/sh;
			shellScript = "# Run the unit tests in this test bundle.\n\"${SYSTEM_DEVELOPER_DIR}/Tools/RunUnitTests\"\n";
		};
/* End PBXShellScriptBuildPhase section */

/* Begin PBXSourcesBuildPhase section */
		E97C59DD15BC873E00EA8786 /* Sources */ = {
			isa = PBXSourcesBuildPhase;
			buildActionMask = 2147483647;
			files = (
				E97C59F215BC873E00EA8786 /* main.m in Sources */,
				E97C59F615BC873E00EA8786 /* AppDelegate.m in Sources */,
				E97C59FC15BC873E00EA8786 /* ViewController.m in Sources */,
				E9C4CD1A15BD3A440031D029 /* Status.m in Sources */,
				E9C4CD2E15BD48610031D029 /* Statuses.m in Sources */,
				E9C4CD3E15BD5E410031D029 /* User.m in Sources */,
				E9C4CD4115BD7EAA0031D029 /* Github.m in Sources */,
				E9C4CD4415BD7F8B0031D029 /* Repository.m in Sources */,
				E9C4CD4C15BD80650031D029 /* Event.m in Sources */,
				E9C4CD5915BD86BB0031D029 /* LeijonEvent.m in Sources */,
				E9C4CD5C15BD86F20031D029 /* LeijonEvents.m in Sources */,
				E9C4CD6015BD8A810031D029 /* Recherche.m in Sources */,
				E9C4CD6315BD8A8E0031D029 /* Annonce.m in Sources */,
				E9C4CD6615BD8AA60031D029 /* Photo.m in Sources */,
				E9C4CD6915BD8FF40031D029 /* Annonces.m in Sources */,
				E9C4CD6C15BD91A50031D029 /* Photos.m in Sources */,
			);
			runOnlyForDeploymentPostprocessing = 0;
		};
		E97C59FD15BC873E00EA8786 /* Sources */ = {
			isa = PBXSourcesBuildPhase;
			buildActionMask = 2147483647;
			files = (
				E97C5A1115BC873E00EA8786 /* TJFoundationDemoTests.m in Sources */,
			);
			runOnlyForDeploymentPostprocessing = 0;
		};
/* End PBXSourcesBuildPhase section */

/* Begin PBXTargetDependency section */
		E97C5A0815BC873E00EA8786 /* PBXTargetDependency */ = {
			isa = PBXTargetDependency;
			target = E97C59E015BC873E00EA8786 /* TJFoundationDemo */;
			targetProxy = E97C5A0715BC873E00EA8786 /* PBXContainerItemProxy */;
		};
/* End PBXTargetDependency section */

/* Begin PBXVariantGroup section */
		E97C59EE15BC873E00EA8786 /* InfoPlist.strings */ = {
			isa = PBXVariantGroup;
			children = (
				E97C59EF15BC873E00EA8786 /* en */,
			);
			name = InfoPlist.strings;
			sourceTree = "<group>";
		};
		E97C5A0C15BC873E00EA8786 /* InfoPlist.strings */ = {
			isa = PBXVariantGroup;
			children = (
				E97C5A0D15BC873E00EA8786 /* en */,
			);
			name = InfoPlist.strings;
			sourceTree = "<group>";
		};
/* End PBXVariantGroup section */

/* Begin XCBuildConfiguration section */
		E97C5A1215BC873E00EA8786 /* Debug */ = {
			isa = XCBuildConfiguration;
			buildSettings = {
				ALWAYS_SEARCH_USER_PATHS = NO;
				CLANG_CXX_LANGUAGE_STANDARD = "gnu++0x";
				CLANG_CXX_LIBRARY = "libc++";
				CLANG_ENABLE_OBJC_ARC = YES;
				CLANG_WARN__DUPLICATE_METHOD_MATCH = YES;
				"CODE_SIGN_IDENTITY[sdk=iphoneos*]" = "iPhone Developer";
				COPY_PHASE_STRIP = NO;
				GCC_C_LANGUAGE_STANDARD = gnu99;
				GCC_DYNAMIC_NO_PIC = NO;
				GCC_OPTIMIZATION_LEVEL = 0;
				GCC_PREPROCESSOR_DEFINITIONS = (
					"DEBUG=1",
					"$(inherited)",
				);
				GCC_SYMBOLS_PRIVATE_EXTERN = NO;
				GCC_WARN_ABOUT_RETURN_TYPE = YES;
				GCC_WARN_UNINITIALIZED_AUTOS = YES;
				GCC_WARN_UNUSED_VARIABLE = YES;
				IPHONEOS_DEPLOYMENT_TARGET = 6.0;
				SDKROOT = iphoneos;
			};
			name = Debug;
		};
		E97C5A1315BC873E00EA8786 /* Release */ = {
			isa = XCBuildConfiguration;
			buildSettings = {
				ALWAYS_SEARCH_USER_PATHS = NO;
				CLANG_CXX_LANGUAGE_STANDARD = "gnu++0x";
				CLANG_CXX_LIBRARY = "libc++";
				CLANG_ENABLE_OBJC_ARC = YES;
				CLANG_WARN__DUPLICATE_METHOD_MATCH = YES;
				"CODE_SIGN_IDENTITY[sdk=iphoneos*]" = "iPhone Developer";
				COPY_PHASE_STRIP = YES;
				GCC_C_LANGUAGE_STANDARD = gnu99;
				GCC_WARN_ABOUT_RETURN_TYPE = YES;
				GCC_WARN_UNINITIALIZED_AUTOS = YES;
				GCC_WARN_UNUSED_VARIABLE = YES;
				IPHONEOS_DEPLOYMENT_TARGET = 6.0;
				OTHER_CFLAGS = "-DNS_BLOCK_ASSERTIONS=1";
				SDKROOT = iphoneos;
				VALIDATE_PRODUCT = YES;
			};
			name = Release;
		};
		E97C5A1515BC873E00EA8786 /* Debug */ = {
			isa = XCBuildConfiguration;
			buildSettings = {
				CODE_SIGN_IDENTITY = "iPhone Developer: Thomas Joulin (39B63TFFBM)";
				"CODE_SIGN_IDENTITY[sdk=iphoneos*]" = "iPhone Developer: Thomas Joulin (39B63TFFBM)";
				GCC_PRECOMPILE_PREFIX_HEADER = YES;
				GCC_PREFIX_HEADER = "TJFoundationDemo/TJFoundationDemo-Prefix.pch";
				INFOPLIST_FILE = "TJFoundationDemo/TJFoundationDemo-Info.plist";
				LIBRARY_SEARCH_PATHS = (
					"$(inherited)",
					"\"$(SRCROOT)/../../../Library/Developer/Xcode/DerivedData/TJFoundation-aajkaqbobqdgwrftolhacyhlicyw/Build/Products/Debug-iphoneos\"",
				);
				OTHER_LDFLAGS = (
					"-ObjC",
					"-all_load",
				);
				PRODUCT_NAME = "$(TARGET_NAME)";
				PROVISIONING_PROFILE = "306CC147-F6CE-4BD3-B9EE-6A7D859A24A7";
				"PROVISIONING_PROFILE[sdk=iphoneos*]" = "306CC147-F6CE-4BD3-B9EE-6A7D859A24A7";
				USER_HEADER_SEARCH_PATHS = "$(BUILT_PRODUCTS_DIR)";
				WRAPPER_EXTENSION = app;
			};
			name = Debug;
		};
		E97C5A1615BC873E00EA8786 /* Release */ = {
			isa = XCBuildConfiguration;
			buildSettings = {
				GCC_PRECOMPILE_PREFIX_HEADER = YES;
				GCC_PREFIX_HEADER = "TJFoundationDemo/TJFoundationDemo-Prefix.pch";
				INFOPLIST_FILE = "TJFoundationDemo/TJFoundationDemo-Info.plist";
				LIBRARY_SEARCH_PATHS = (
					"$(inherited)",
					"\"$(SRCROOT)/../../../Library/Developer/Xcode/DerivedData/TJFoundation-aajkaqbobqdgwrftolhacyhlicyw/Build/Products/Debug-iphoneos\"",
				);
				OTHER_LDFLAGS = (
					"-ObjC",
					"-all_load",
				);
				PRODUCT_NAME = "$(TARGET_NAME)";
				USER_HEADER_SEARCH_PATHS = "$(BUILT_PRODUCTS_DIR)";
				WRAPPER_EXTENSION = app;
			};
			name = Release;
		};
		E97C5A1815BC873E00EA8786 /* Debug */ = {
			isa = XCBuildConfiguration;
			buildSettings = {
				BUNDLE_LOADER = "$(BUILT_PRODUCTS_DIR)/TJFoundationDemo.app/TJFoundationDemo";
				FRAMEWORK_SEARCH_PATHS = (
					"\"$(SDKROOT)/Developer/Library/Frameworks\"",
					"\"$(DEVELOPER_LIBRARY_DIR)/Frameworks\"",
				);
				GCC_PRECOMPILE_PREFIX_HEADER = YES;
				GCC_PREFIX_HEADER = "TJFoundationDemo/TJFoundationDemo-Prefix.pch";
				INFOPLIST_FILE = "TJFoundationDemoTests/TJFoundationDemoTests-Info.plist";
				PRODUCT_NAME = "$(TARGET_NAME)";
				TEST_HOST = "$(BUNDLE_LOADER)";
				WRAPPER_EXTENSION = octest;
			};
			name = Debug;
		};
		E97C5A1915BC873E00EA8786 /* Release */ = {
			isa = XCBuildConfiguration;
			buildSettings = {
				BUNDLE_LOADER = "$(BUILT_PRODUCTS_DIR)/TJFoundationDemo.app/TJFoundationDemo";
				FRAMEWORK_SEARCH_PATHS = (
					"\"$(SDKROOT)/Developer/Library/Frameworks\"",
					"\"$(DEVELOPER_LIBRARY_DIR)/Frameworks\"",
				);
				GCC_PRECOMPILE_PREFIX_HEADER = YES;
				GCC_PREFIX_HEADER = "TJFoundationDemo/TJFoundationDemo-Prefix.pch";
				INFOPLIST_FILE = "TJFoundationDemoTests/TJFoundationDemoTests-Info.plist";
				PRODUCT_NAME = "$(TARGET_NAME)";
				TEST_HOST = "$(BUNDLE_LOADER)";
				WRAPPER_EXTENSION = octest;
			};
			name = Release;
		};
/* End XCBuildConfiguration section */

/* Begin XCConfigurationList section */
		E97C59DB15BC873E00EA8786 /* Build configuration list for PBXProject "TJFoundationDemo" */ = {
			isa = XCConfigurationList;
			buildConfigurations = (
				E97C5A1215BC873E00EA8786 /* Debug */,
				E97C5A1315BC873E00EA8786 /* Release */,
			);
			defaultConfigurationIsVisible = 0;
			defaultConfigurationName = Release;
		};
		E97C5A1415BC873E00EA8786 /* Build configuration list for PBXNativeTarget "TJFoundationDemo" */ = {
			isa = XCConfigurationList;
			buildConfigurations = (
				E97C5A1515BC873E00EA8786 /* Debug */,
				E97C5A1615BC873E00EA8786 /* Release */,
			);
			defaultConfigurationIsVisible = 0;
			defaultConfigurationName = Release;
		};
		E97C5A1715BC873E00EA8786 /* Build configuration list for PBXNativeTarget "TJFoundationDemoTests" */ = {
			isa = XCConfigurationList;
			buildConfigurations = (
				E97C5A1815BC873E00EA8786 /* Debug */,
				E97C5A1915BC873E00EA8786 /* Release */,
			);
			defaultConfigurationIsVisible = 0;
			defaultConfigurationName = Release;
		};
/* End XCConfigurationList section */
	};
	rootObject = E97C59D815BC873E00EA8786 /* Project object */;
}
